PODS:
  - Coherence (3.0.0-beta.5):
    - Coherence/Connect (= 3.0.0-beta.5)
    - Coherence/Container (= 3.0.0-beta.5)
    - TraceLog (~> 2.0)
    - TraceLog/ObjC (~> 2.0)
  - Coherence/Connect (3.0.0-beta.5):
    - Coherence/Container
    - Coherence/CoreExtensions
    - TraceLog (~> 2.0)
    - TraceLog/ObjC (~> 2.0)
  - Coherence/Container (3.0.0-beta.5):
    - Coherence/CoreExtensions
    - TraceLog (~> 2.0)
    - TraceLog/ObjC (~> 2.0)
  - Coherence/CoreExtensions (3.0.0-beta.5):
    - TraceLog (~> 2.0)
    - TraceLog/ObjC (~> 2.0)
  - TraceLog (2.0.2):
    - TraceLog/Swift (= 2.0.2)
  - TraceLog/ObjC (2.0.2):
    - TraceLog/Swift
  - TraceLog/Swift (2.0.2)

DEPENDENCIES:
  - Coherence (from `../`)

EXTERNAL SOURCES:
  Coherence:
    :path: ../

SPEC CHECKSUMS:
  Coherence: 4cabb8d3233a8123f3c81f96262156b7d9c013c8
  TraceLog: d853ab3e97f8cabaf0bbe3d0f53da81a51744d2d

PODFILE CHECKSUM: 6d3ebc2b8850614b975312d05b84a1ebc3c906b8

COCOAPODS: 1.3.1
