PODS:
  - Coherence (2.0.0):
    - Coherence/No-Arc (= 2.0.0)
    - TraceLog (~> 2.0)
    - TraceLog/ObjC (~> 2.0)
  - Coherence/No-Arc (2.0.0):
    - TraceLog (~> 2.0)
    - TraceLog/ObjC (~> 2.0)
  - TraceLog (2.0.1):
    - TraceLog/Swift (= 2.0.1)
  - TraceLog/ObjC (2.0.1):
    - TraceLog/Swift
  - TraceLog/Swift (2.0.1)

DEPENDENCIES:
  - Coherence (from `../`)

EXTERNAL SOURCES:
  Coherence:
    :path: "../"

SPEC CHECKSUMS:
  Coherence: 6825dc4e99bad4d4dec6c3f26c31abca2a80b800
  TraceLog: 37035b5d79653592f949a8cd50ec044a45d6dfc1

PODFILE CHECKSUM: 7c7691c49031c69f23034d5a0df73dbc5aaaa7fb

COCOAPODS: 1.1.1
