PODS:
  - Coherence (1.1.0):
    - Coherence/No-Arc (= 1.1.0)
    - TraceLog/ObjC (~> 1.0)
    - TraceLog/Swift (~> 1.0)
  - Coherence/No-Arc (1.1.0):
    - TraceLog/ObjC (~> 1.0)
    - TraceLog/Swift (~> 1.0)
  - TraceLog/Core (1.0.0)
  - TraceLog/ObjC (1.0.0):
    - TraceLog/Core
  - TraceLog/Swift (1.0.0):
    - TraceLog/Core

DEPENDENCIES:
  - Coherence (from `../`)

EXTERNAL SOURCES:
  Coherence:
    :path: "../"

SPEC CHECKSUMS:
  Coherence: 90ad9314a8e9153d4edc0e839cdccd27a52ebcf3
  TraceLog: 008a8a33ca266c7b780eeb9eb6ae9038f0257a8a

COCOAPODS: 0.39.0
