// !$*UTF8*$!
{
	archiveVersion = 1;
	classes = {
	};
	objectVersion = 46;
	objects = {

/* Begin PBXBuildFile section */
		366980F34EF8013D0DAEF384 /* linkedin-wadl.xml in Resources */ = {isa = PBXBuildFile; fileRef = 3669812E80A1B367C5F89738 /* linkedin-wadl.xml */; };
		3669824EC934D50D44C8B730 /* MGWADLEditorViewController.xib in Resources */ = {isa = PBXBuildFile; fileRef = 366985F887B3CC782F5ED15D /* MGWADLEditorViewController.xib */; };
		3669838156A7523111B6D4E3 /* openstack-sample.wadl in Resources */ = {isa = PBXBuildFile; fileRef = 3669855809559C6D837C77CC /* openstack-sample.wadl */; };
		366983D0B281BB70FD4B73EA /* CompanyAPI-None-REST.wadl in Resources */ = {isa = PBXBuildFile; fileRef = 366985EB5CEC3CFC36E20202 /* CompanyAPI-None-REST.wadl */; };
		36698477FC8A6EB6BFA7AB07 /* CompanyAPI-RESTFul-Output.wadl in Resources */ = {isa = PBXBuildFile; fileRef = 36698C5FF6DC25BED09B0F0D /* CompanyAPI-RESTFul-Output.wadl */; };
		36698692F45DC494FF2AA825 /* microsoft-project-siena-example.wadl in Resources */ = {isa = PBXBuildFile; fileRef = 36698B3208823B3FA65CA511 /* microsoft-project-siena-example.wadl */; };
		3669884F0D29E44169B01720 /* MGMessageLog.m in Sources */ = {isa = PBXBuildFile; fileRef = 36698CCCC2C71A7921A5E1A4 /* MGMessageLog.m */; };
		366988636927C886A4395EDC /* oracle-storage-device.wadl in Resources */ = {isa = PBXBuildFile; fileRef = 3669871368307945CD2BCDF4 /* oracle-storage-device.wadl */; };
		366989E18077EBF37F44BF71 /* MGWADLResource+Extensions.m in Sources */ = {isa = PBXBuildFile; fileRef = 3669823A521118B363CCC976 /* MGWADLResource+Extensions.m */; };
		36698A4AC0271ED57C983C06 /* salesforce-sample.wadl in Resources */ = {isa = PBXBuildFile; fileRef = 36698419929022CC0607FC12 /* salesforce-sample.wadl */; };
		36698B952FE2AB3DE042D5DB /* CompanyAPI-RESTFul.wadl in Resources */ = {isa = PBXBuildFile; fileRef = 36698310276995A72CF2DADF /* CompanyAPI-RESTFul.wadl */; };
		36698BA00EE57C748117841C /* MGWADLEditorViewController.m in Sources */ = {isa = PBXBuildFile; fileRef = 366982FEF74B9D57701391AA /* MGWADLEditorViewController.m */; };
		36698C0E791BB97B4AB25D05 /* MGConnectTestModel.xcdatamodeld in Sources */ = {isa = PBXBuildFile; fileRef = 366986303F3D8F28BD4FC489 /* MGConnectTestModel.xcdatamodeld */; };
		36698C2380AE90B732FDEA9B /* bing-wadl.wadl in Resources */ = {isa = PBXBuildFile; fileRef = 36698EBEEE74E4C416058B0F /* bing-wadl.wadl */; };
		36698E5FC58A2CF1A794EA58 /* MGConnectEditorRootViewController.m in Sources */ = {isa = PBXBuildFile; fileRef = 366985BFFBE132CCFEDFDE28 /* MGConnectEditorRootViewController.m */; };
		36698F2A293EE13DE834125E /* MGConnectEditorMainMenu.xib in Resources */ = {isa = PBXBuildFile; fileRef = 3669873649094605818118B3 /* MGConnectEditorMainMenu.xib */; };
		EA37FEC019738D6D0049DDEB /* MGManageObjectModelReader.m in Sources */ = {isa = PBXBuildFile; fileRef = EA37FEBF19738D6D0049DDEB /* MGManageObjectModelReader.m */; };
		EA4ECA9A19743AF2000676DE /* MGWADLEditorResourcesViewController.m in Sources */ = {isa = PBXBuildFile; fileRef = EA4ECA9819743AF2000676DE /* MGWADLEditorResourcesViewController.m */; };
		EA4ECA9B19743AF2000676DE /* MGWADLEditorResourcesViewController.xib in Resources */ = {isa = PBXBuildFile; fileRef = EA4ECA9919743AF2000676DE /* MGWADLEditorResourcesViewController.xib */; };
		EA4ECAA019743F77000676DE /* MGDisclosureViewController.m in Sources */ = {isa = PBXBuildFile; fileRef = EA4ECA9E19743F77000676DE /* MGDisclosureViewController.m */; };
		EA4ECAA119743F77000676DE /* MGDisclosureViewController.xib in Resources */ = {isa = PBXBuildFile; fileRef = EA4ECA9F19743F77000676DE /* MGDisclosureViewController.xib */; };
		EA69A6F91974598000B1D9D7 /* MGMessageLogViewController.m in Sources */ = {isa = PBXBuildFile; fileRef = EA69A6F71974598000B1D9D7 /* MGMessageLogViewController.m */; };
		EA69A6FA1974598000B1D9D7 /* MGMessageLogViewController.xib in Resources */ = {isa = PBXBuildFile; fileRef = EA69A6F81974598000B1D9D7 /* MGMessageLogViewController.xib */; };
		EAB81C1C1970C7D500E75D07 /* main.m in Sources */ = {isa = PBXBuildFile; fileRef = EAB81C1B1970C7D500E75D07 /* main.m */; };
		EAB81C1F1970C7D500E75D07 /* MGConnectEditorAppDelegate.m in Sources */ = {isa = PBXBuildFile; fileRef = EAB81C1E1970C7D500E75D07 /* MGConnectEditorAppDelegate.m */; };
		EAB81C211970C7D500E75D07 /* Images.xcassets in Resources */ = {isa = PBXBuildFile; fileRef = EAB81C201970C7D500E75D07 /* Images.xcassets */; };
		EAB81C301970C7D600E75D07 /* ConnectEditorTests.m in Sources */ = {isa = PBXBuildFile; fileRef = EAB81C2F1970C7D600E75D07 /* ConnectEditorTests.m */; };
		EAB81C7E1970C7F900E75D07 /* connect.xsd in Resources */ = {isa = PBXBuildFile; fileRef = EAB81C3C1970C7F900E75D07 /* connect.xsd */; };
		EAB81C7F1970C7F900E75D07 /* MGConnectAction.m in Sources */ = {isa = PBXBuildFile; fileRef = EAB81C3F1970C7F900E75D07 /* MGConnectAction.m */; };
		EAB81C801970C7F900E75D07 /* MGConnectAuthentication.m in Sources */ = {isa = PBXBuildFile; fileRef = EAB81C411970C7F900E75D07 /* MGConnectAuthentication.m */; };
		EAB81C811970C7F900E75D07 /* MGConnectCollection.m in Sources */ = {isa = PBXBuildFile; fileRef = EAB81C431970C7F900E75D07 /* MGConnectCollection.m */; };
		EAB81C821970C7F900E75D07 /* MGConnectElement.m in Sources */ = {isa = PBXBuildFile; fileRef = EAB81C451970C7F900E75D07 /* MGConnectElement.m */; };
		EAB81C831970C7F900E75D07 /* MGConnectEntity.m in Sources */ = {isa = PBXBuildFile; fileRef = EAB81C471970C7F900E75D07 /* MGConnectEntity.m */; };
		EAB81C841970C7F900E75D07 /* MGConnectModel.m in Sources */ = {isa = PBXBuildFile; fileRef = EAB81C491970C7F900E75D07 /* MGConnectModel.m */; };
		EAB81C851970C7F900E75D07 /* MGConnectRelationship.m in Sources */ = {isa = PBXBuildFile; fileRef = EAB81C4B1970C7F900E75D07 /* MGConnectRelationship.m */; };
		EAB81C861970C7F900E75D07 /* MGWADLApplication.m in Sources */ = {isa = PBXBuildFile; fileRef = EAB81C501970C7F900E75D07 /* MGWADLApplication.m */; };
		EAB81C871970C7F900E75D07 /* MGWADLDoc.m in Sources */ = {isa = PBXBuildFile; fileRef = EAB81C521970C7F900E75D07 /* MGWADLDoc.m */; };
		EAB81C881970C7F900E75D07 /* MGWADLGrammars.m in Sources */ = {isa = PBXBuildFile; fileRef = EAB81C541970C7F900E75D07 /* MGWADLGrammars.m */; };
		EAB81C891970C7F900E75D07 /* MGWADLInclude.m in Sources */ = {isa = PBXBuildFile; fileRef = EAB81C561970C7F900E75D07 /* MGWADLInclude.m */; };
		EAB81C8A1970C7F900E75D07 /* MGWADLLink.m in Sources */ = {isa = PBXBuildFile; fileRef = EAB81C581970C7F900E75D07 /* MGWADLLink.m */; };
		EAB81C8B1970C7F900E75D07 /* MGWADLMethod.m in Sources */ = {isa = PBXBuildFile; fileRef = EAB81C5A1970C7F900E75D07 /* MGWADLMethod.m */; };
		EAB81C8C1970C7F900E75D07 /* MGWADLOption.m in Sources */ = {isa = PBXBuildFile; fileRef = EAB81C5C1970C7F900E75D07 /* MGWADLOption.m */; };
		EAB81C8D1970C7F900E75D07 /* MGWADLParam.m in Sources */ = {isa = PBXBuildFile; fileRef = EAB81C5E1970C7F900E75D07 /* MGWADLParam.m */; };
		EAB81C8E1970C7F900E75D07 /* MGWADLRepresentation.m in Sources */ = {isa = PBXBuildFile; fileRef = EAB81C601970C7F900E75D07 /* MGWADLRepresentation.m */; };
		EAB81C8F1970C7F900E75D07 /* MGWADLRequest.m in Sources */ = {isa = PBXBuildFile; fileRef = EAB81C621970C7F900E75D07 /* MGWADLRequest.m */; };
		EAB81C901970C7F900E75D07 /* MGWADLResource.m in Sources */ = {isa = PBXBuildFile; fileRef = EAB81C641970C7F900E75D07 /* MGWADLResource.m */; };
		EAB81C911970C7F900E75D07 /* MGWADLResources.m in Sources */ = {isa = PBXBuildFile; fileRef = EAB81C661970C7F900E75D07 /* MGWADLResources.m */; };
		EAB81C921970C7F900E75D07 /* MGWADLResourceType.m in Sources */ = {isa = PBXBuildFile; fileRef = EAB81C681970C7F900E75D07 /* MGWADLResourceType.m */; };
		EAB81C931970C7F900E75D07 /* MGWADLResponse.m in Sources */ = {isa = PBXBuildFile; fileRef = EAB81C6A1970C7F900E75D07 /* MGWADLResponse.m */; };
		EAB81C941970C7F900E75D07 /* wadl-schema.xsd in Resources */ = {isa = PBXBuildFile; fileRef = EAB81C6B1970C7F900E75D07 /* wadl-schema.xsd */; };
		EAB81C951970C7F900E75D07 /* MGXMLCDATA.m in Sources */ = {isa = PBXBuildFile; fileRef = EAB81C6F1970C7F900E75D07 /* MGXMLCDATA.m */; };
		EAB81C961970C7F900E75D07 /* MGXMLComment.m in Sources */ = {isa = PBXBuildFile; fileRef = EAB81C711970C7F900E75D07 /* MGXMLComment.m */; };
		EAB81C971970C7F900E75D07 /* MGXMLDocument.m in Sources */ = {isa = PBXBuildFile; fileRef = EAB81C731970C7F900E75D07 /* MGXMLDocument.m */; };
		EAB81C981970C7F900E75D07 /* MGXMLElement.m in Sources */ = {isa = PBXBuildFile; fileRef = EAB81C751970C7F900E75D07 /* MGXMLElement.m */; };
		EAB81C991970C7F900E75D07 /* MGXMLElementDefinition.m in Sources */ = {isa = PBXBuildFile; fileRef = EAB81C771970C7F900E75D07 /* MGXMLElementDefinition.m */; };
		EAB81C9A1970C7F900E75D07 /* MGXMLNode.m in Sources */ = {isa = PBXBuildFile; fileRef = EAB81C791970C7F900E75D07 /* MGXMLNode.m */; };
		EAB81C9B1970C7F900E75D07 /* MGXMLReader.m in Sources */ = {isa = PBXBuildFile; fileRef = EAB81C7B1970C7F900E75D07 /* MGXMLReader.m */; };
		EAB81C9C1970C7F900E75D07 /* MGXMLWhitespace.m in Sources */ = {isa = PBXBuildFile; fileRef = EAB81C7D1970C7F900E75D07 /* MGXMLWhitespace.m */; };
		EABC220D1971B16600851A36 /* MGProjectItem.m in Sources */ = {isa = PBXBuildFile; fileRef = EABC220C1971B16600851A36 /* MGProjectItem.m */; };
/* End PBXBuildFile section */

/* Begin PBXContainerItemProxy section */
		EAB81C2A1970C7D600E75D07 /* PBXContainerItemProxy */ = {
			isa = PBXContainerItemProxy;
			containerPortal = EAB81C0E1970C7D500E75D07 /* Project object */;
			proxyType = 1;
			remoteGlobalIDString = EAB81C151970C7D500E75D07;
			remoteInfo = ConnectEditor;
		};
/* End PBXContainerItemProxy section */

/* Begin PBXFileReference section */
		3669812E80A1B367C5F89738 /* linkedin-wadl.xml */ = {isa = PBXFileReference; fileEncoding = 4; lastKnownFileType = text.xml; path = "linkedin-wadl.xml"; sourceTree = "<group>"; };
		3669823A521118B363CCC976 /* MGWADLResource+Extensions.m */ = {isa = PBXFileReference; fileEncoding = 4; lastKnownFileType = sourcecode.c.objc; name = "MGWADLResource+Extensions.m"; path = "Extensions/MGWADLResource+Extensions.m"; sourceTree = "<group>"; };
		366982FEF74B9D57701391AA /* MGWADLEditorViewController.m */ = {isa = PBXFileReference; fileEncoding = 4; lastKnownFileType = sourcecode.c.objc; name = MGWADLEditorViewController.m; path = "UI/WADL Editor/MGWADLEditorViewController.m"; sourceTree = "<group>"; };
		36698310276995A72CF2DADF /* CompanyAPI-RESTFul.wadl */ = {isa = PBXFileReference; lastKnownFileType = file.wadl; path = "CompanyAPI-RESTFul.wadl"; sourceTree = "<group>"; };
		36698419929022CC0607FC12 /* salesforce-sample.wadl */ = {isa = PBXFileReference; lastKnownFileType = file.wadl; path = "salesforce-sample.wadl"; sourceTree = "<group>"; };
		3669855809559C6D837C77CC /* openstack-sample.wadl */ = {isa = PBXFileReference; lastKnownFileType = file.wadl; path = "openstack-sample.wadl"; sourceTree = "<group>"; };
		366985BFFBE132CCFEDFDE28 /* MGConnectEditorRootViewController.m */ = {isa = PBXFileReference; fileEncoding = 4; lastKnownFileType = sourcecode.c.objc; path = MGConnectEditorRootViewController.m; sourceTree = "<group>"; };
		366985EB5CEC3CFC36E20202 /* CompanyAPI-None-REST.wadl */ = {isa = PBXFileReference; lastKnownFileType = file.wadl; path = "CompanyAPI-None-REST.wadl"; sourceTree = "<group>"; };
		366985F887B3CC782F5ED15D /* MGWADLEditorViewController.xib */ = {isa = PBXFileReference; lastKnownFileType = file.xib; name = MGWADLEditorViewController.xib; path = "UI/WADL Editor/MGWADLEditorViewController.xib"; sourceTree = "<group>"; };
		3669871368307945CD2BCDF4 /* oracle-storage-device.wadl */ = {isa = PBXFileReference; lastKnownFileType = file.wadl; path = "oracle-storage-device.wadl"; sourceTree = "<group>"; };
		3669873649094605818118B3 /* MGConnectEditorMainMenu.xib */ = {isa = PBXFileReference; lastKnownFileType = file.xib; path = MGConnectEditorMainMenu.xib; sourceTree = "<group>"; };
		366987A54AD160D8FA1428C1 /* MGConnectTestModel.xcdatamodel */ = {isa = PBXFileReference; lastKnownFileType = wrapper.xcdatamodel; path = MGConnectTestModel.xcdatamodel; sourceTree = "<group>"; };
		36698809816A8EE563BD7EFA /* MGWADL+Extensions.h */ = {isa = PBXFileReference; fileEncoding = 4; lastKnownFileType = sourcecode.c.h; name = "MGWADL+Extensions.h"; path = "Extensions/MGWADL+Extensions.h"; sourceTree = "<group>"; };
		3669890D81AA70E189AFFD34 /* MGWADLResource+Extensions.h */ = {isa = PBXFileReference; fileEncoding = 4; lastKnownFileType = sourcecode.c.h; name = "MGWADLResource+Extensions.h"; path = "Extensions/MGWADLResource+Extensions.h"; sourceTree = "<group>"; };
		36698B3208823B3FA65CA511 /* microsoft-project-siena-example.wadl */ = {isa = PBXFileReference; lastKnownFileType = file.wadl; path = "microsoft-project-siena-example.wadl"; sourceTree = "<group>"; };
		36698C5FF6DC25BED09B0F0D /* CompanyAPI-RESTFul-Output.wadl */ = {isa = PBXFileReference; lastKnownFileType = file.wadl; path = "CompanyAPI-RESTFul-Output.wadl"; sourceTree = "<group>"; };
		36698C77D263D9B3553544CD /* MGWADLEditorViewController.h */ = {isa = PBXFileReference; fileEncoding = 4; lastKnownFileType = sourcecode.c.h; name = MGWADLEditorViewController.h; path = "UI/WADL Editor/MGWADLEditorViewController.h"; sourceTree = "<group>"; };
		36698CCCC2C71A7921A5E1A4 /* MGMessageLog.m */ = {isa = PBXFileReference; fileEncoding = 4; lastKnownFileType = sourcecode.c.objc; path = MGMessageLog.m; sourceTree = "<group>"; };
		36698DFD78735863945C3F54 /* MGMessageLog.h */ = {isa = PBXFileReference; fileEncoding = 4; lastKnownFileType = sourcecode.c.h; path = MGMessageLog.h; sourceTree = "<group>"; };
		36698E70057E297F0DD73329 /* MGConnectEditorRootViewController.h */ = {isa = PBXFileReference; fileEncoding = 4; lastKnownFileType = sourcecode.c.h; path = MGConnectEditorRootViewController.h; sourceTree = "<group>"; };
		36698EBEEE74E4C416058B0F /* bing-wadl.wadl */ = {isa = PBXFileReference; lastKnownFileType = file.wadl; path = "bing-wadl.wadl"; sourceTree = "<group>"; };
		EA37FEBE19738D6D0049DDEB /* MGManageObjectModelReader.h */ = {isa = PBXFileReference; fileEncoding = 4; lastKnownFileType = sourcecode.c.h; path = MGManageObjectModelReader.h; sourceTree = "<group>"; };
		EA37FEBF19738D6D0049DDEB /* MGManageObjectModelReader.m */ = {isa = PBXFileReference; fileEncoding = 4; lastKnownFileType = sourcecode.c.objc; path = MGManageObjectModelReader.m; sourceTree = "<group>"; };
		EA4ECA9719743AF2000676DE /* MGWADLEditorResourcesViewController.h */ = {isa = PBXFileReference; fileEncoding = 4; lastKnownFileType = sourcecode.c.h; name = MGWADLEditorResourcesViewController.h; path = "UI/WADL Editor/MGWADLEditorResourcesViewController.h"; sourceTree = "<group>"; };
		EA4ECA9819743AF2000676DE /* MGWADLEditorResourcesViewController.m */ = {isa = PBXFileReference; fileEncoding = 4; lastKnownFileType = sourcecode.c.objc; name = MGWADLEditorResourcesViewController.m; path = "UI/WADL Editor/MGWADLEditorResourcesViewController.m"; sourceTree = "<group>"; };
		EA4ECA9919743AF2000676DE /* MGWADLEditorResourcesViewController.xib */ = {isa = PBXFileReference; fileEncoding = 4; lastKnownFileType = file.xib; name = MGWADLEditorResourcesViewController.xib; path = "UI/WADL Editor/MGWADLEditorResourcesViewController.xib"; sourceTree = "<group>"; };
		EA4ECA9D19743F77000676DE /* MGDisclosureViewController.h */ = {isa = PBXFileReference; fileEncoding = 4; lastKnownFileType = sourcecode.c.h; name = MGDisclosureViewController.h; path = UI/Common/MGDisclosureViewController.h; sourceTree = "<group>"; };
		EA4ECA9E19743F77000676DE /* MGDisclosureViewController.m */ = {isa = PBXFileReference; fileEncoding = 4; lastKnownFileType = sourcecode.c.objc; name = MGDisclosureViewController.m; path = UI/Common/MGDisclosureViewController.m; sourceTree = "<group>"; };
		EA4ECA9F19743F77000676DE /* MGDisclosureViewController.xib */ = {isa = PBXFileReference; fileEncoding = 4; lastKnownFileType = file.xib; name = MGDisclosureViewController.xib; path = UI/Common/MGDisclosureViewController.xib; sourceTree = "<group>"; };
		EA69A6F61974598000B1D9D7 /* MGMessageLogViewController.h */ = {isa = PBXFileReference; fileEncoding = 4; lastKnownFileType = sourcecode.c.h; name = MGMessageLogViewController.h; path = "UI/Message Log/MGMessageLogViewController.h"; sourceTree = "<group>"; };
		EA69A6F71974598000B1D9D7 /* MGMessageLogViewController.m */ = {isa = PBXFileReference; fileEncoding = 4; lastKnownFileType = sourcecode.c.objc; name = MGMessageLogViewController.m; path = "UI/Message Log/MGMessageLogViewController.m"; sourceTree = "<group>"; };
		EA69A6F81974598000B1D9D7 /* MGMessageLogViewController.xib */ = {isa = PBXFileReference; fileEncoding = 4; lastKnownFileType = file.xib; name = MGMessageLogViewController.xib; path = "UI/Message Log/MGMessageLogViewController.xib"; sourceTree = "<group>"; };
		EAB81C161970C7D500E75D07 /* ConnectEditor.app */ = {isa = PBXFileReference; explicitFileType = wrapper.application; includeInIndex = 0; path = ConnectEditor.app; sourceTree = BUILT_PRODUCTS_DIR; };
		EAB81C1A1970C7D500E75D07 /* Info.plist */ = {isa = PBXFileReference; lastKnownFileType = text.plist.xml; path = Info.plist; sourceTree = "<group>"; };
		EAB81C1B1970C7D500E75D07 /* main.m */ = {isa = PBXFileReference; lastKnownFileType = sourcecode.c.objc; path = main.m; sourceTree = "<group>"; };
		EAB81C1D1970C7D500E75D07 /* MGConnectEditorAppDelegate.h */ = {isa = PBXFileReference; lastKnownFileType = sourcecode.c.h; path = MGConnectEditorAppDelegate.h; sourceTree = "<group>"; };
		EAB81C1E1970C7D500E75D07 /* MGConnectEditorAppDelegate.m */ = {isa = PBXFileReference; lastKnownFileType = sourcecode.c.objc; path = MGConnectEditorAppDelegate.m; sourceTree = "<group>"; };
		EAB81C201970C7D500E75D07 /* Images.xcassets */ = {isa = PBXFileReference; lastKnownFileType = folder.assetcatalog; path = Images.xcassets; sourceTree = "<group>"; };
		EAB81C291970C7D600E75D07 /* ConnectEditorTests.xctest */ = {isa = PBXFileReference; explicitFileType = wrapper.cfbundle; includeInIndex = 0; path = ConnectEditorTests.xctest; sourceTree = BUILT_PRODUCTS_DIR; };
		EAB81C2E1970C7D600E75D07 /* Info.plist */ = {isa = PBXFileReference; lastKnownFileType = text.plist.xml; path = Info.plist; sourceTree = "<group>"; };
		EAB81C2F1970C7D600E75D07 /* ConnectEditorTests.m */ = {isa = PBXFileReference; lastKnownFileType = sourcecode.c.objc; path = ConnectEditorTests.m; sourceTree = "<group>"; };
		EAB81C3C1970C7F900E75D07 /* connect.xsd */ = {isa = PBXFileReference; fileEncoding = 4; lastKnownFileType = text.xml; path = connect.xsd; sourceTree = "<group>"; };
		EAB81C3E1970C7F900E75D07 /* MGConnectAction.h */ = {isa = PBXFileReference; fileEncoding = 4; lastKnownFileType = sourcecode.c.h; path = MGConnectAction.h; sourceTree = "<group>"; };
		EAB81C3F1970C7F900E75D07 /* MGConnectAction.m */ = {isa = PBXFileReference; fileEncoding = 4; lastKnownFileType = sourcecode.c.objc; path = MGConnectAction.m; sourceTree = "<group>"; };
		EAB81C401970C7F900E75D07 /* MGConnectAuthentication.h */ = {isa = PBXFileReference; fileEncoding = 4; lastKnownFileType = sourcecode.c.h; path = MGConnectAuthentication.h; sourceTree = "<group>"; };
		EAB81C411970C7F900E75D07 /* MGConnectAuthentication.m */ = {isa = PBXFileReference; fileEncoding = 4; lastKnownFileType = sourcecode.c.objc; path = MGConnectAuthentication.m; sourceTree = "<group>"; };
		EAB81C421970C7F900E75D07 /* MGConnectCollection.h */ = {isa = PBXFileReference; fileEncoding = 4; lastKnownFileType = sourcecode.c.h; path = MGConnectCollection.h; sourceTree = "<group>"; };
		EAB81C431970C7F900E75D07 /* MGConnectCollection.m */ = {isa = PBXFileReference; fileEncoding = 4; lastKnownFileType = sourcecode.c.objc; path = MGConnectCollection.m; sourceTree = "<group>"; };
		EAB81C441970C7F900E75D07 /* MGConnectElement.h */ = {isa = PBXFileReference; fileEncoding = 4; lastKnownFileType = sourcecode.c.h; path = MGConnectElement.h; sourceTree = "<group>"; };
		EAB81C451970C7F900E75D07 /* MGConnectElement.m */ = {isa = PBXFileReference; fileEncoding = 4; lastKnownFileType = sourcecode.c.objc; path = MGConnectElement.m; sourceTree = "<group>"; };
		EAB81C461970C7F900E75D07 /* MGConnectEntity.h */ = {isa = PBXFileReference; fileEncoding = 4; lastKnownFileType = sourcecode.c.h; path = MGConnectEntity.h; sourceTree = "<group>"; };
		EAB81C471970C7F900E75D07 /* MGConnectEntity.m */ = {isa = PBXFileReference; fileEncoding = 4; lastKnownFileType = sourcecode.c.objc; path = MGConnectEntity.m; sourceTree = "<group>"; };
		EAB81C481970C7F900E75D07 /* MGConnectModel.h */ = {isa = PBXFileReference; fileEncoding = 4; lastKnownFileType = sourcecode.c.h; path = MGConnectModel.h; sourceTree = "<group>"; };
		EAB81C491970C7F900E75D07 /* MGConnectModel.m */ = {isa = PBXFileReference; fileEncoding = 4; lastKnownFileType = sourcecode.c.objc; path = MGConnectModel.m; sourceTree = "<group>"; };
		EAB81C4A1970C7F900E75D07 /* MGConnectRelationship.h */ = {isa = PBXFileReference; fileEncoding = 4; lastKnownFileType = sourcecode.c.h; path = MGConnectRelationship.h; sourceTree = "<group>"; };
		EAB81C4B1970C7F900E75D07 /* MGConnectRelationship.m */ = {isa = PBXFileReference; fileEncoding = 4; lastKnownFileType = sourcecode.c.objc; path = MGConnectRelationship.m; sourceTree = "<group>"; };
		EAB81C4E1970C7F900E75D07 /* MGWADL.h */ = {isa = PBXFileReference; fileEncoding = 4; lastKnownFileType = sourcecode.c.h; path = MGWADL.h; sourceTree = "<group>"; };
		EAB81C4F1970C7F900E75D07 /* MGWADLApplication.h */ = {isa = PBXFileReference; fileEncoding = 4; lastKnownFileType = sourcecode.c.h; path = MGWADLApplication.h; sourceTree = "<group>"; };
		EAB81C501970C7F900E75D07 /* MGWADLApplication.m */ = {isa = PBXFileReference; fileEncoding = 4; lastKnownFileType = sourcecode.c.objc; path = MGWADLApplication.m; sourceTree = "<group>"; };
		EAB81C511970C7F900E75D07 /* MGWADLDoc.h */ = {isa = PBXFileReference; fileEncoding = 4; lastKnownFileType = sourcecode.c.h; path = MGWADLDoc.h; sourceTree = "<group>"; };
		EAB81C521970C7F900E75D07 /* MGWADLDoc.m */ = {isa = PBXFileReference; fileEncoding = 4; lastKnownFileType = sourcecode.c.objc; path = MGWADLDoc.m; sourceTree = "<group>"; };
		EAB81C531970C7F900E75D07 /* MGWADLGrammars.h */ = {isa = PBXFileReference; fileEncoding = 4; lastKnownFileType = sourcecode.c.h; path = MGWADLGrammars.h; sourceTree = "<group>"; };
		EAB81C541970C7F900E75D07 /* MGWADLGrammars.m */ = {isa = PBXFileReference; fileEncoding = 4; lastKnownFileType = sourcecode.c.objc; path = MGWADLGrammars.m; sourceTree = "<group>"; };
		EAB81C551970C7F900E75D07 /* MGWADLInclude.h */ = {isa = PBXFileReference; fileEncoding = 4; lastKnownFileType = sourcecode.c.h; path = MGWADLInclude.h; sourceTree = "<group>"; };
		EAB81C561970C7F900E75D07 /* MGWADLInclude.m */ = {isa = PBXFileReference; fileEncoding = 4; lastKnownFileType = sourcecode.c.objc; path = MGWADLInclude.m; sourceTree = "<group>"; };
		EAB81C571970C7F900E75D07 /* MGWADLLink.h */ = {isa = PBXFileReference; fileEncoding = 4; lastKnownFileType = sourcecode.c.h; path = MGWADLLink.h; sourceTree = "<group>"; };
		EAB81C581970C7F900E75D07 /* MGWADLLink.m */ = {isa = PBXFileReference; fileEncoding = 4; lastKnownFileType = sourcecode.c.objc; path = MGWADLLink.m; sourceTree = "<group>"; };
		EAB81C591970C7F900E75D07 /* MGWADLMethod.h */ = {isa = PBXFileReference; fileEncoding = 4; lastKnownFileType = sourcecode.c.h; path = MGWADLMethod.h; sourceTree = "<group>"; };
		EAB81C5A1970C7F900E75D07 /* MGWADLMethod.m */ = {isa = PBXFileReference; fileEncoding = 4; lastKnownFileType = sourcecode.c.objc; path = MGWADLMethod.m; sourceTree = "<group>"; };
		EAB81C5B1970C7F900E75D07 /* MGWADLOption.h */ = {isa = PBXFileReference; fileEncoding = 4; lastKnownFileType = sourcecode.c.h; path = MGWADLOption.h; sourceTree = "<group>"; };
		EAB81C5C1970C7F900E75D07 /* MGWADLOption.m */ = {isa = PBXFileReference; fileEncoding = 4; lastKnownFileType = sourcecode.c.objc; path = MGWADLOption.m; sourceTree = "<group>"; };
		EAB81C5D1970C7F900E75D07 /* MGWADLParam.h */ = {isa = PBXFileReference; fileEncoding = 4; lastKnownFileType = sourcecode.c.h; path = MGWADLParam.h; sourceTree = "<group>"; };
		EAB81C5E1970C7F900E75D07 /* MGWADLParam.m */ = {isa = PBXFileReference; fileEncoding = 4; lastKnownFileType = sourcecode.c.objc; path = MGWADLParam.m; sourceTree = "<group>"; };
		EAB81C5F1970C7F900E75D07 /* MGWADLRepresentation.h */ = {isa = PBXFileReference; fileEncoding = 4; lastKnownFileType = sourcecode.c.h; path = MGWADLRepresentation.h; sourceTree = "<group>"; };
		EAB81C601970C7F900E75D07 /* MGWADLRepresentation.m */ = {isa = PBXFileReference; fileEncoding = 4; lastKnownFileType = sourcecode.c.objc; path = MGWADLRepresentation.m; sourceTree = "<group>"; };
		EAB81C611970C7F900E75D07 /* MGWADLRequest.h */ = {isa = PBXFileReference; fileEncoding = 4; lastKnownFileType = sourcecode.c.h; path = MGWADLRequest.h; sourceTree = "<group>"; };
		EAB81C621970C7F900E75D07 /* MGWADLRequest.m */ = {isa = PBXFileReference; fileEncoding = 4; lastKnownFileType = sourcecode.c.objc; path = MGWADLRequest.m; sourceTree = "<group>"; };
		EAB81C631970C7F900E75D07 /* MGWADLResource.h */ = {isa = PBXFileReference; fileEncoding = 4; lastKnownFileType = sourcecode.c.h; path = MGWADLResource.h; sourceTree = "<group>"; };
		EAB81C641970C7F900E75D07 /* MGWADLResource.m */ = {isa = PBXFileReference; fileEncoding = 4; lastKnownFileType = sourcecode.c.objc; path = MGWADLResource.m; sourceTree = "<group>"; };
		EAB81C651970C7F900E75D07 /* MGWADLResources.h */ = {isa = PBXFileReference; fileEncoding = 4; lastKnownFileType = sourcecode.c.h; path = MGWADLResources.h; sourceTree = "<group>"; };
		EAB81C661970C7F900E75D07 /* MGWADLResources.m */ = {isa = PBXFileReference; fileEncoding = 4; lastKnownFileType = sourcecode.c.objc; path = MGWADLResources.m; sourceTree = "<group>"; };
		EAB81C671970C7F900E75D07 /* MGWADLResourceType.h */ = {isa = PBXFileReference; fileEncoding = 4; lastKnownFileType = sourcecode.c.h; path = MGWADLResourceType.h; sourceTree = "<group>"; };
		EAB81C681970C7F900E75D07 /* MGWADLResourceType.m */ = {isa = PBXFileReference; fileEncoding = 4; lastKnownFileType = sourcecode.c.objc; path = MGWADLResourceType.m; sourceTree = "<group>"; };
		EAB81C691970C7F900E75D07 /* MGWADLResponse.h */ = {isa = PBXFileReference; fileEncoding = 4; lastKnownFileType = sourcecode.c.h; path = MGWADLResponse.h; sourceTree = "<group>"; };
		EAB81C6A1970C7F900E75D07 /* MGWADLResponse.m */ = {isa = PBXFileReference; fileEncoding = 4; lastKnownFileType = sourcecode.c.objc; path = MGWADLResponse.m; sourceTree = "<group>"; };
		EAB81C6B1970C7F900E75D07 /* wadl-schema.xsd */ = {isa = PBXFileReference; fileEncoding = 4; lastKnownFileType = text.xml; path = "wadl-schema.xsd"; sourceTree = "<group>"; };
		EAB81C6E1970C7F900E75D07 /* MGXMLCDATA.h */ = {isa = PBXFileReference; fileEncoding = 4; lastKnownFileType = sourcecode.c.h; path = MGXMLCDATA.h; sourceTree = "<group>"; };
		EAB81C6F1970C7F900E75D07 /* MGXMLCDATA.m */ = {isa = PBXFileReference; fileEncoding = 4; lastKnownFileType = sourcecode.c.objc; path = MGXMLCDATA.m; sourceTree = "<group>"; };
		EAB81C701970C7F900E75D07 /* MGXMLComment.h */ = {isa = PBXFileReference; fileEncoding = 4; lastKnownFileType = sourcecode.c.h; path = MGXMLComment.h; sourceTree = "<group>"; };
		EAB81C711970C7F900E75D07 /* MGXMLComment.m */ = {isa = PBXFileReference; fileEncoding = 4; lastKnownFileType = sourcecode.c.objc; path = MGXMLComment.m; sourceTree = "<group>"; };
		EAB81C721970C7F900E75D07 /* MGXMLDocument.h */ = {isa = PBXFileReference; fileEncoding = 4; lastKnownFileType = sourcecode.c.h; path = MGXMLDocument.h; sourceTree = "<group>"; };
		EAB81C731970C7F900E75D07 /* MGXMLDocument.m */ = {isa = PBXFileReference; fileEncoding = 4; lastKnownFileType = sourcecode.c.objc; path = MGXMLDocument.m; sourceTree = "<group>"; };
		EAB81C741970C7F900E75D07 /* MGXMLElement.h */ = {isa = PBXFileReference; fileEncoding = 4; lastKnownFileType = sourcecode.c.h; path = MGXMLElement.h; sourceTree = "<group>"; };
		EAB81C751970C7F900E75D07 /* MGXMLElement.m */ = {isa = PBXFileReference; fileEncoding = 4; lastKnownFileType = sourcecode.c.objc; path = MGXMLElement.m; sourceTree = "<group>"; };
		EAB81C761970C7F900E75D07 /* MGXMLElementDefinition.h */ = {isa = PBXFileReference; fileEncoding = 4; lastKnownFileType = sourcecode.c.h; path = MGXMLElementDefinition.h; sourceTree = "<group>"; };
		EAB81C771970C7F900E75D07 /* MGXMLElementDefinition.m */ = {isa = PBXFileReference; fileEncoding = 4; lastKnownFileType = sourcecode.c.objc; path = MGXMLElementDefinition.m; sourceTree = "<group>"; };
		EAB81C781970C7F900E75D07 /* MGXMLNode.h */ = {isa = PBXFileReference; fileEncoding = 4; lastKnownFileType = sourcecode.c.h; path = MGXMLNode.h; sourceTree = "<group>"; };
		EAB81C791970C7F900E75D07 /* MGXMLNode.m */ = {isa = PBXFileReference; fileEncoding = 4; lastKnownFileType = sourcecode.c.objc; path = MGXMLNode.m; sourceTree = "<group>"; };
		EAB81C7A1970C7F900E75D07 /* MGXMLReader.h */ = {isa = PBXFileReference; fileEncoding = 4; lastKnownFileType = sourcecode.c.h; path = MGXMLReader.h; sourceTree = "<group>"; };
		EAB81C7B1970C7F900E75D07 /* MGXMLReader.m */ = {isa = PBXFileReference; fileEncoding = 4; lastKnownFileType = sourcecode.c.objc; path = MGXMLReader.m; sourceTree = "<group>"; };
		EAB81C7C1970C7F900E75D07 /* MGXMLWhitespace.h */ = {isa = PBXFileReference; fileEncoding = 4; lastKnownFileType = sourcecode.c.h; path = MGXMLWhitespace.h; sourceTree = "<group>"; };
		EAB81C7D1970C7F900E75D07 /* MGXMLWhitespace.m */ = {isa = PBXFileReference; fileEncoding = 4; lastKnownFileType = sourcecode.c.objc; path = MGXMLWhitespace.m; sourceTree = "<group>"; };
		EABC220B1971B16600851A36 /* MGProjectItem.h */ = {isa = PBXFileReference; fileEncoding = 4; lastKnownFileType = sourcecode.c.h; name = MGProjectItem.h; path = "Project Items/MGProjectItem.h"; sourceTree = "<group>"; };
		EABC220C1971B16600851A36 /* MGProjectItem.m */ = {isa = PBXFileReference; fileEncoding = 4; lastKnownFileType = sourcecode.c.objc; name = MGProjectItem.m; path = "Project Items/MGProjectItem.m"; sourceTree = "<group>"; };
/* End PBXFileReference section */

/* Begin PBXFrameworksBuildPhase section */
		EAB81C131970C7D500E75D07 /* Frameworks */ = {
			isa = PBXFrameworksBuildPhase;
			buildActionMask = 2147483647;
			files = (
			);
			runOnlyForDeploymentPostprocessing = 0;
		};
		EAB81C261970C7D600E75D07 /* Frameworks */ = {
			isa = PBXFrameworksBuildPhase;
			buildActionMask = 2147483647;
			files = (
			);
			runOnlyForDeploymentPostprocessing = 0;
		};
/* End PBXFrameworksBuildPhase section */

/* Begin PBXGroup section */
		366983AAF3C110FCDB883B5C /* WADL Editor */ = {
			isa = PBXGroup;
			children = (
				36698C77D263D9B3553544CD /* MGWADLEditorViewController.h */,
				366982FEF74B9D57701391AA /* MGWADLEditorViewController.m */,
				366985F887B3CC782F5ED15D /* MGWADLEditorViewController.xib */,
				EA4ECA9719743AF2000676DE /* MGWADLEditorResourcesViewController.h */,
				EA4ECA9819743AF2000676DE /* MGWADLEditorResourcesViewController.m */,
				EA4ECA9919743AF2000676DE /* MGWADLEditorResourcesViewController.xib */,
			);
			name = "WADL Editor";
			sourceTree = "<group>";
		};
		3669884AFC35E8DAA1E0FA45 /* Models */ = {
			isa = PBXGroup;
			children = (
				366986303F3D8F28BD4FC489 /* MGConnectTestModel.xcdatamodeld */,
			);
			path = Models;
			sourceTree = "<group>";
		};
		366989E287E5D93C46F12A97 /* Message Logging */ = {
			isa = PBXGroup;
			children = (
				36698CCCC2C71A7921A5E1A4 /* MGMessageLog.m */,
				36698DFD78735863945C3F54 /* MGMessageLog.h */,
			);
			path = "Message Logging";
			sourceTree = "<group>";
		};
		366989F5FEAF1C666B9EEE62 /* Extensions */ = {
			isa = PBXGroup;
			children = (
				3669890D81AA70E189AFFD34 /* MGWADLResource+Extensions.h */,
				3669823A521118B363CCC976 /* MGWADLResource+Extensions.m */,
				36698809816A8EE563BD7EFA /* MGWADL+Extensions.h */,
			);
			name = Extensions;
			sourceTree = "<group>";
		};
		36698D5771FAF398E26852DC /* WADL */ = {
			isa = PBXGroup;
			children = (
				36698EBEEE74E4C416058B0F /* bing-wadl.wadl */,
				3669855809559C6D837C77CC /* openstack-sample.wadl */,
				36698419929022CC0607FC12 /* salesforce-sample.wadl */,
				36698310276995A72CF2DADF /* CompanyAPI-RESTFul.wadl */,
				366985EB5CEC3CFC36E20202 /* CompanyAPI-None-REST.wadl */,
				3669871368307945CD2BCDF4 /* oracle-storage-device.wadl */,
				36698C5FF6DC25BED09B0F0D /* CompanyAPI-RESTFul-Output.wadl */,
				36698B3208823B3FA65CA511 /* microsoft-project-siena-example.wadl */,
				3669812E80A1B367C5F89738 /* linkedin-wadl.xml */,
			);
			path = WADL;
			sourceTree = "<group>";
		};
		36698F457D7D4DAD4481DC71 /* ConnectTestData */ = {
			isa = PBXGroup;
			children = (
				36698D5771FAF398E26852DC /* WADL */,
				3669884AFC35E8DAA1E0FA45 /* Models */,
			);
			name = ConnectTestData;
			path = ../../ConnectTestData;
			sourceTree = "<group>";
		};
		36698FAB35F8EBF1678776F0 /* Root */ = {
			isa = PBXGroup;
			children = (
				3669873649094605818118B3 /* MGConnectEditorMainMenu.xib */,
				36698E70057E297F0DD73329 /* MGConnectEditorRootViewController.h */,
				366985BFFBE132CCFEDFDE28 /* MGConnectEditorRootViewController.m */,
			);
			name = Root;
			path = UI/Root;
			sourceTree = "<group>";
		};
		EA37FEBD19738D6D0049DDEB /* Readers */ = {
			isa = PBXGroup;
			children = (
				EA37FEBE19738D6D0049DDEB /* MGManageObjectModelReader.h */,
				EA37FEBF19738D6D0049DDEB /* MGManageObjectModelReader.m */,
			);
			path = Readers;
			sourceTree = "<group>";
		};
		EA4ECA9C19743F08000676DE /* Common */ = {
			isa = PBXGroup;
			children = (
				EA4ECA9D19743F77000676DE /* MGDisclosureViewController.h */,
				EA4ECA9E19743F77000676DE /* MGDisclosureViewController.m */,
				EA4ECA9F19743F77000676DE /* MGDisclosureViewController.xib */,
			);
			name = Common;
			sourceTree = "<group>";
		};
		EA69A6FB1974598D00B1D9D7 /* Message Log */ = {
			isa = PBXGroup;
			children = (
				EA69A6F61974598000B1D9D7 /* MGMessageLogViewController.h */,
				EA69A6F71974598000B1D9D7 /* MGMessageLogViewController.m */,
				EA69A6F81974598000B1D9D7 /* MGMessageLogViewController.xib */,
			);
			name = "Message Log";
			sourceTree = "<group>";
		};
		EAB81C0D1970C7D500E75D07 = {
			isa = PBXGroup;
			children = (
				EAB81C391970C7F900E75D07 /* ConnectCommon */,
				EAB81C181970C7D500E75D07 /* ConnectEditor */,
				EAB81C2C1970C7D600E75D07 /* ConnectEditorTests */,
				EAB81C171970C7D500E75D07 /* Products */,
			);
			sourceTree = "<group>";
		};
		EAB81C171970C7D500E75D07 /* Products */ = {
			isa = PBXGroup;
			children = (
				EAB81C161970C7D500E75D07 /* ConnectEditor.app */,
				EAB81C291970C7D600E75D07 /* ConnectEditorTests.xctest */,
			);
			name = Products;
			sourceTree = "<group>";
		};
		EAB81C181970C7D500E75D07 /* ConnectEditor */ = {
			isa = PBXGroup;
			children = (
				EAB81C1D1970C7D500E75D07 /* MGConnectEditorAppDelegate.h */,
				EAB81C1E1970C7D500E75D07 /* MGConnectEditorAppDelegate.m */,
				EAB81C9D1970C80E00E75D07 /* UI */,
				EA37FEBD19738D6D0049DDEB /* Readers */,
				EAB81C201970C7D500E75D07 /* Images.xcassets */,
				EAB81C191970C7D500E75D07 /* Supporting Files */,
				EABC220B1971B16600851A36 /* MGProjectItem.h */,
				EABC220C1971B16600851A36 /* MGProjectItem.m */,
				366989E287E5D93C46F12A97 /* Message Logging */,
			);
			path = ConnectEditor;
			sourceTree = "<group>";
		};
		EAB81C191970C7D500E75D07 /* Supporting Files */ = {
			isa = PBXGroup;
			children = (
				EAB81C1A1970C7D500E75D07 /* Info.plist */,
				EAB81C1B1970C7D500E75D07 /* main.m */,
			);
			name = "Supporting Files";
			sourceTree = "<group>";
		};
		EAB81C2C1970C7D600E75D07 /* ConnectEditorTests */ = {
			isa = PBXGroup;
			children = (
				EAB81C2F1970C7D600E75D07 /* ConnectEditorTests.m */,
				EAB81C2D1970C7D600E75D07 /* Supporting Files */,
				36698F457D7D4DAD4481DC71 /* ConnectTestData */,
			);
			path = ConnectEditorTests;
			sourceTree = "<group>";
		};
		EAB81C2D1970C7D600E75D07 /* Supporting Files */ = {
			isa = PBXGroup;
			children = (
				EAB81C2E1970C7D600E75D07 /* Info.plist */,
			);
			name = "Supporting Files";
			sourceTree = "<group>";
		};
		EAB81C391970C7F900E75D07 /* ConnectCommon */ = {
			isa = PBXGroup;
			children = (
				EAB81C3A1970C7F900E75D07 /* Schemas */,
			);
			name = ConnectCommon;
			path = ../ConnectCommon;
			sourceTree = "<group>";
		};
		EAB81C3A1970C7F900E75D07 /* Schemas */ = {
			isa = PBXGroup;
			children = (
				EAB81C3B1970C7F900E75D07 /* Connect */,
				EAB81C4C1970C7F900E75D07 /* WADL */,
				EAB81C6C1970C7F900E75D07 /* XML */,
			);
			path = Schemas;
			sourceTree = "<group>";
		};
		EAB81C3B1970C7F900E75D07 /* Connect */ = {
			isa = PBXGroup;
			children = (
				EAB81C3C1970C7F900E75D07 /* connect.xsd */,
				EAB81C3D1970C7F900E75D07 /* Model */,
			);
			path = Connect;
			sourceTree = "<group>";
		};
		EAB81C3D1970C7F900E75D07 /* Model */ = {
			isa = PBXGroup;
			children = (
				EAB81C3E1970C7F900E75D07 /* MGConnectAction.h */,
				EAB81C3F1970C7F900E75D07 /* MGConnectAction.m */,
				EAB81C401970C7F900E75D07 /* MGConnectAuthentication.h */,
				EAB81C411970C7F900E75D07 /* MGConnectAuthentication.m */,
				EAB81C421970C7F900E75D07 /* MGConnectCollection.h */,
				EAB81C431970C7F900E75D07 /* MGConnectCollection.m */,
				EAB81C441970C7F900E75D07 /* MGConnectElement.h */,
				EAB81C451970C7F900E75D07 /* MGConnectElement.m */,
				EAB81C461970C7F900E75D07 /* MGConnectEntity.h */,
				EAB81C471970C7F900E75D07 /* MGConnectEntity.m */,
				EAB81C481970C7F900E75D07 /* MGConnectModel.h */,
				EAB81C491970C7F900E75D07 /* MGConnectModel.m */,
				EAB81C4A1970C7F900E75D07 /* MGConnectRelationship.h */,
				EAB81C4B1970C7F900E75D07 /* MGConnectRelationship.m */,
			);
			path = Model;
			sourceTree = "<group>";
		};
		EAB81C4C1970C7F900E75D07 /* WADL */ = {
			isa = PBXGroup;
			children = (
				EAB81C4D1970C7F900E75D07 /* Model */,
				EAB81C6B1970C7F900E75D07 /* wadl-schema.xsd */,
			);
			path = WADL;
			sourceTree = "<group>";
		};
		EAB81C4D1970C7F900E75D07 /* Model */ = {
			isa = PBXGroup;
			children = (
				EAB81C4E1970C7F900E75D07 /* MGWADL.h */,
				EAB81C4F1970C7F900E75D07 /* MGWADLApplication.h */,
				EAB81C501970C7F900E75D07 /* MGWADLApplication.m */,
				EAB81C511970C7F900E75D07 /* MGWADLDoc.h */,
				EAB81C521970C7F900E75D07 /* MGWADLDoc.m */,
				EAB81C531970C7F900E75D07 /* MGWADLGrammars.h */,
				EAB81C541970C7F900E75D07 /* MGWADLGrammars.m */,
				EAB81C551970C7F900E75D07 /* MGWADLInclude.h */,
				EAB81C561970C7F900E75D07 /* MGWADLInclude.m */,
				EAB81C571970C7F900E75D07 /* MGWADLLink.h */,
				EAB81C581970C7F900E75D07 /* MGWADLLink.m */,
				EAB81C591970C7F900E75D07 /* MGWADLMethod.h */,
				EAB81C5A1970C7F900E75D07 /* MGWADLMethod.m */,
				EAB81C5B1970C7F900E75D07 /* MGWADLOption.h */,
				EAB81C5C1970C7F900E75D07 /* MGWADLOption.m */,
				EAB81C5D1970C7F900E75D07 /* MGWADLParam.h */,
				EAB81C5E1970C7F900E75D07 /* MGWADLParam.m */,
				EAB81C5F1970C7F900E75D07 /* MGWADLRepresentation.h */,
				EAB81C601970C7F900E75D07 /* MGWADLRepresentation.m */,
				EAB81C611970C7F900E75D07 /* MGWADLRequest.h */,
				EAB81C621970C7F900E75D07 /* MGWADLRequest.m */,
				EAB81C631970C7F900E75D07 /* MGWADLResource.h */,
				EAB81C641970C7F900E75D07 /* MGWADLResource.m */,
				EAB81C651970C7F900E75D07 /* MGWADLResources.h */,
				EAB81C661970C7F900E75D07 /* MGWADLResources.m */,
				EAB81C671970C7F900E75D07 /* MGWADLResourceType.h */,
				EAB81C681970C7F900E75D07 /* MGWADLResourceType.m */,
				EAB81C691970C7F900E75D07 /* MGWADLResponse.h */,
				EAB81C6A1970C7F900E75D07 /* MGWADLResponse.m */,
				366989F5FEAF1C666B9EEE62 /* Extensions */,
			);
			path = Model;
			sourceTree = "<group>";
		};
		EAB81C6C1970C7F900E75D07 /* XML */ = {
			isa = PBXGroup;
			children = (
				EAB81C6D1970C7F900E75D07 /* Model */,
			);
			path = XML;
			sourceTree = "<group>";
		};
		EAB81C6D1970C7F900E75D07 /* Model */ = {
			isa = PBXGroup;
			children = (
				EAB81C6E1970C7F900E75D07 /* MGXMLCDATA.h */,
				EAB81C6F1970C7F900E75D07 /* MGXMLCDATA.m */,
				EAB81C701970C7F900E75D07 /* MGXMLComment.h */,
				EAB81C711970C7F900E75D07 /* MGXMLComment.m */,
				EAB81C721970C7F900E75D07 /* MGXMLDocument.h */,
				EAB81C731970C7F900E75D07 /* MGXMLDocument.m */,
				EAB81C741970C7F900E75D07 /* MGXMLElement.h */,
				EAB81C751970C7F900E75D07 /* MGXMLElement.m */,
				EAB81C761970C7F900E75D07 /* MGXMLElementDefinition.h */,
				EAB81C771970C7F900E75D07 /* MGXMLElementDefinition.m */,
				EAB81C781970C7F900E75D07 /* MGXMLNode.h */,
				EAB81C791970C7F900E75D07 /* MGXMLNode.m */,
				EAB81C7A1970C7F900E75D07 /* MGXMLReader.h */,
				EAB81C7B1970C7F900E75D07 /* MGXMLReader.m */,
				EAB81C7C1970C7F900E75D07 /* MGXMLWhitespace.h */,
				EAB81C7D1970C7F900E75D07 /* MGXMLWhitespace.m */,
			);
			path = Model;
			sourceTree = "<group>";
		};
		EAB81C9D1970C80E00E75D07 /* UI */ = {
			isa = PBXGroup;
			children = (
				36698FAB35F8EBF1678776F0 /* Root */,
				EA4ECA9C19743F08000676DE /* Common */,
				366983AAF3C110FCDB883B5C /* WADL Editor */,
				EA69A6FB1974598D00B1D9D7 /* Message Log */,
			);
			name = UI;
			sourceTree = "<group>";
		};
/* End PBXGroup section */

/* Begin PBXNativeTarget section */
		EAB81C151970C7D500E75D07 /* ConnectEditor */ = {
			isa = PBXNativeTarget;
			buildConfigurationList = EAB81C331970C7D600E75D07 /* Build configuration list for PBXNativeTarget "ConnectEditor" */;
			buildPhases = (
				EAB81C121970C7D500E75D07 /* Sources */,
				EAB81C131970C7D500E75D07 /* Frameworks */,
				EAB81C141970C7D500E75D07 /* Resources */,
			);
			buildRules = (
			);
			dependencies = (
			);
			name = ConnectEditor;
			productName = ConnectEditor;
			productReference = EAB81C161970C7D500E75D07 /* ConnectEditor.app */;
			productType = "com.apple.product-type.application";
		};
		EAB81C281970C7D600E75D07 /* ConnectEditorTests */ = {
			isa = PBXNativeTarget;
			buildConfigurationList = EAB81C361970C7D600E75D07 /* Build configuration list for PBXNativeTarget "ConnectEditorTests" */;
			buildPhases = (
				EAB81C251970C7D600E75D07 /* Sources */,
				EAB81C261970C7D600E75D07 /* Frameworks */,
				EAB81C271970C7D600E75D07 /* Resources */,
			);
			buildRules = (
			);
			dependencies = (
				EAB81C2B1970C7D600E75D07 /* PBXTargetDependency */,
			);
			name = ConnectEditorTests;
			productName = ConnectEditorTests;
			productReference = EAB81C291970C7D600E75D07 /* ConnectEditorTests.xctest */;
			productType = "com.apple.product-type.bundle.unit-test";
		};
/* End PBXNativeTarget section */

/* Begin PBXProject section */
		EAB81C0E1970C7D500E75D07 /* Project object */ = {
			isa = PBXProject;
			attributes = {
				LastUpgradeCheck = 0600;
				ORGANIZATIONNAME = "Mobile Grid, Inc.";
				TargetAttributes = {
					EAB81C151970C7D500E75D07 = {
						CreatedOnToolsVersion = 6.0;
					};
					EAB81C281970C7D600E75D07 = {
						CreatedOnToolsVersion = 6.0;
						TestTargetID = EAB81C151970C7D500E75D07;
					};
				};
			};
			buildConfigurationList = EAB81C111970C7D500E75D07 /* Build configuration list for PBXProject "ConnectEditor" */;
			compatibilityVersion = "Xcode 3.2";
			developmentRegion = English;
			hasScannedForEncodings = 0;
			knownRegions = (
				en,
				Base,
			);
			mainGroup = EAB81C0D1970C7D500E75D07;
			productRefGroup = EAB81C171970C7D500E75D07 /* Products */;
			projectDirPath = "";
			projectRoot = "";
			targets = (
				EAB81C151970C7D500E75D07 /* ConnectEditor */,
				EAB81C281970C7D600E75D07 /* ConnectEditorTests */,
			);
		};
/* End PBXProject section */

/* Begin PBXResourcesBuildPhase section */
		EAB81C141970C7D500E75D07 /* Resources */ = {
			isa = PBXResourcesBuildPhase;
			buildActionMask = 2147483647;
			files = (
				EA4ECA9B19743AF2000676DE /* MGWADLEditorResourcesViewController.xib in Resources */,
				EAB81C211970C7D500E75D07 /* Images.xcassets in Resources */,
				EA69A6FA1974598000B1D9D7 /* MGMessageLogViewController.xib in Resources */,
				EAB81C7E1970C7F900E75D07 /* connect.xsd in Resources */,
				EAB81C941970C7F900E75D07 /* wadl-schema.xsd in Resources */,
				36698C2380AE90B732FDEA9B /* bing-wadl.wadl in Resources */,
				3669838156A7523111B6D4E3 /* openstack-sample.wadl in Resources */,
				36698A4AC0271ED57C983C06 /* salesforce-sample.wadl in Resources */,
				36698B952FE2AB3DE042D5DB /* CompanyAPI-RESTFul.wadl in Resources */,
				366983D0B281BB70FD4B73EA /* CompanyAPI-None-REST.wadl in Resources */,
				366988636927C886A4395EDC /* oracle-storage-device.wadl in Resources */,
				36698477FC8A6EB6BFA7AB07 /* CompanyAPI-RESTFul-Output.wadl in Resources */,
				36698692F45DC494FF2AA825 /* microsoft-project-siena-example.wadl in Resources */,
				366980F34EF8013D0DAEF384 /* linkedin-wadl.xml in Resources */,
				3669824EC934D50D44C8B730 /* MGWADLEditorViewController.xib in Resources */,
				36698F2A293EE13DE834125E /* MGConnectEditorMainMenu.xib in Resources */,
				EA4ECAA119743F77000676DE /* MGDisclosureViewController.xib in Resources */,
			);
			runOnlyForDeploymentPostprocessing = 0;
		};
		EAB81C271970C7D600E75D07 /* Resources */ = {
			isa = PBXResourcesBuildPhase;
			buildActionMask = 2147483647;
			files = (
			);
			runOnlyForDeploymentPostprocessing = 0;
		};
/* End PBXResourcesBuildPhase section */

/* Begin PBXSourcesBuildPhase section */
		EAB81C121970C7D500E75D07 /* Sources */ = {
			isa = PBXSourcesBuildPhase;
			buildActionMask = 2147483647;
			files = (
				EAB81C9B1970C7F900E75D07 /* MGXMLReader.m in Sources */,
				EAB81C7F1970C7F900E75D07 /* MGConnectAction.m in Sources */,
				EAB81C8F1970C7F900E75D07 /* MGWADLRequest.m in Sources */,
				EAB81C1F1970C7D500E75D07 /* MGConnectEditorAppDelegate.m in Sources */,
				EAB81C901970C7F900E75D07 /* MGWADLResource.m in Sources */,
				EAB81C8D1970C7F900E75D07 /* MGWADLParam.m in Sources */,
				EAB81C841970C7F900E75D07 /* MGConnectModel.m in Sources */,
				EAB81C811970C7F900E75D07 /* MGConnectCollection.m in Sources */,
				EAB81C981970C7F900E75D07 /* MGXMLElement.m in Sources */,
				EAB81C871970C7F900E75D07 /* MGWADLDoc.m in Sources */,
				EAB81C8E1970C7F900E75D07 /* MGWADLRepresentation.m in Sources */,
				EAB81C951970C7F900E75D07 /* MGXMLCDATA.m in Sources */,
				EAB81C921970C7F900E75D07 /* MGWADLResourceType.m in Sources */,
				EAB81C881970C7F900E75D07 /* MGWADLGrammars.m in Sources */,
				EAB81C801970C7F900E75D07 /* MGConnectAuthentication.m in Sources */,
				EAB81C911970C7F900E75D07 /* MGWADLResources.m in Sources */,
				EA37FEC019738D6D0049DDEB /* MGManageObjectModelReader.m in Sources */,
				EAB81C991970C7F900E75D07 /* MGXMLElementDefinition.m in Sources */,
				EAB81C851970C7F900E75D07 /* MGConnectRelationship.m in Sources */,
				EAB81C9C1970C7F900E75D07 /* MGXMLWhitespace.m in Sources */,
				EAB81C931970C7F900E75D07 /* MGWADLResponse.m in Sources */,
				EAB81C861970C7F900E75D07 /* MGWADLApplication.m in Sources */,
				EAB81C8B1970C7F900E75D07 /* MGWADLMethod.m in Sources */,
				EAB81C971970C7F900E75D07 /* MGXMLDocument.m in Sources */,
				EAB81C8A1970C7F900E75D07 /* MGWADLLink.m in Sources */,
				EA4ECA9A19743AF2000676DE /* MGWADLEditorResourcesViewController.m in Sources */,
				EA69A6F91974598000B1D9D7 /* MGMessageLogViewController.m in Sources */,
				EAB81C891970C7F900E75D07 /* MGWADLInclude.m in Sources */,
				EAB81C9A1970C7F900E75D07 /* MGXMLNode.m in Sources */,
				EAB81C1C1970C7D500E75D07 /* main.m in Sources */,
				EAB81C821970C7F900E75D07 /* MGConnectElement.m in Sources */,
				EABC220D1971B16600851A36 /* MGProjectItem.m in Sources */,
				EAB81C8C1970C7F900E75D07 /* MGWADLOption.m in Sources */,
				EAB81C831970C7F900E75D07 /* MGConnectEntity.m in Sources */,
				EA4ECAA019743F77000676DE /* MGDisclosureViewController.m in Sources */,
				EAB81C961970C7F900E75D07 /* MGXMLComment.m in Sources */,
				366989E18077EBF37F44BF71 /* MGWADLResource+Extensions.m in Sources */,
				36698C0E791BB97B4AB25D05 /* MGConnectTestModel.xcdatamodeld in Sources */,
				36698BA00EE57C748117841C /* MGWADLEditorViewController.m in Sources */,
				36698E5FC58A2CF1A794EA58 /* MGConnectEditorRootViewController.m in Sources */,
				3669884F0D29E44169B01720 /* MGMessageLog.m in Sources */,
			);
			runOnlyForDeploymentPostprocessing = 0;
		};
		EAB81C251970C7D600E75D07 /* Sources */ = {
			isa = PBXSourcesBuildPhase;
			buildActionMask = 2147483647;
			files = (
				EAB81C301970C7D600E75D07 /* ConnectEditorTests.m in Sources */,
			);
			runOnlyForDeploymentPostprocessing = 0;
		};
/* End PBXSourcesBuildPhase section */

/* Begin PBXTargetDependency section */
		EAB81C2B1970C7D600E75D07 /* PBXTargetDependency */ = {
			isa = PBXTargetDependency;
			target = EAB81C151970C7D500E75D07 /* ConnectEditor */;
			targetProxy = EAB81C2A1970C7D600E75D07 /* PBXContainerItemProxy */;
		};
/* End PBXTargetDependency section */

/* Begin XCBuildConfiguration section */
		EAB81C311970C7D600E75D07 /* Debug */ = {
			isa = XCBuildConfiguration;
			buildSettings = {
				ALWAYS_SEARCH_USER_PATHS = NO;
				CLANG_CXX_LANGUAGE_STANDARD = "gnu++0x";
				CLANG_CXX_LIBRARY = "libc++";
				CLANG_ENABLE_MODULES = YES;
				CLANG_ENABLE_OBJC_ARC = YES;
				CLANG_WARN_BOOL_CONVERSION = YES;
				CLANG_WARN_CONSTANT_CONVERSION = YES;
				CLANG_WARN_DIRECT_OBJC_ISA_USAGE = YES_ERROR;
				CLANG_WARN_EMPTY_BODY = YES;
				CLANG_WARN_ENUM_CONVERSION = YES;
				CLANG_WARN_INT_CONVERSION = YES;
				CLANG_WARN_OBJC_ROOT_CLASS = YES_ERROR;
				CLANG_WARN_UNREACHABLE_CODE = YES;
				CLANG_WARN__DUPLICATE_METHOD_MATCH = YES;
				CODE_SIGN_IDENTITY = "-";
				COPY_PHASE_STRIP = NO;
				ENABLE_STRICT_OBJC_MSGSEND = YES;
				GCC_C_LANGUAGE_STANDARD = gnu99;
				GCC_DYNAMIC_NO_PIC = NO;
				GCC_OPTIMIZATION_LEVEL = 0;
				GCC_PREPROCESSOR_DEFINITIONS = (
					"DEBUG=1",
					"$(inherited)",
				);
				GCC_SYMBOLS_PRIVATE_EXTERN = NO;
				GCC_WARN_64_TO_32_BIT_CONVERSION = YES;
				GCC_WARN_ABOUT_RETURN_TYPE = YES_ERROR;
				GCC_WARN_UNDECLARED_SELECTOR = YES;
				GCC_WARN_UNINITIALIZED_AUTOS = YES_AGGRESSIVE;
				GCC_WARN_UNUSED_FUNCTION = YES;
				GCC_WARN_UNUSED_VARIABLE = YES;
				MACOSX_DEPLOYMENT_TARGET = 10.9;
				MTL_ENABLE_DEBUG_INFO = YES;
				ONLY_ACTIVE_ARCH = YES;
				SDKROOT = macosx;
			};
			name = Debug;
		};
		EAB81C321970C7D600E75D07 /* Release */ = {
			isa = XCBuildConfiguration;
			buildSettings = {
				ALWAYS_SEARCH_USER_PATHS = NO;
				CLANG_CXX_LANGUAGE_STANDARD = "gnu++0x";
				CLANG_CXX_LIBRARY = "libc++";
				CLANG_ENABLE_MODULES = YES;
				CLANG_ENABLE_OBJC_ARC = YES;
				CLANG_WARN_BOOL_CONVERSION = YES;
				CLANG_WARN_CONSTANT_CONVERSION = YES;
				CLANG_WARN_DIRECT_OBJC_ISA_USAGE = YES_ERROR;
				CLANG_WARN_EMPTY_BODY = YES;
				CLANG_WARN_ENUM_CONVERSION = YES;
				CLANG_WARN_INT_CONVERSION = YES;
				CLANG_WARN_OBJC_ROOT_CLASS = YES_ERROR;
				CLANG_WARN_UNREACHABLE_CODE = YES;
				CLANG_WARN__DUPLICATE_METHOD_MATCH = YES;
				CODE_SIGN_IDENTITY = "-";
				COPY_PHASE_STRIP = YES;
				DEBUG_INFORMATION_FORMAT = "dwarf-with-dsym";
				ENABLE_NS_ASSERTIONS = NO;
				ENABLE_STRICT_OBJC_MSGSEND = YES;
				GCC_C_LANGUAGE_STANDARD = gnu99;
				GCC_WARN_64_TO_32_BIT_CONVERSION = YES;
				GCC_WARN_ABOUT_RETURN_TYPE = YES_ERROR;
				GCC_WARN_UNDECLARED_SELECTOR = YES;
				GCC_WARN_UNINITIALIZED_AUTOS = YES_AGGRESSIVE;
				GCC_WARN_UNUSED_FUNCTION = YES;
				GCC_WARN_UNUSED_VARIABLE = YES;
				MACOSX_DEPLOYMENT_TARGET = 10.9;
				MTL_ENABLE_DEBUG_INFO = NO;
				SDKROOT = macosx;
			};
			name = Release;
		};
		EAB81C341970C7D600E75D07 /* Debug */ = {
			isa = XCBuildConfiguration;
			buildSettings = {
				ASSETCATALOG_COMPILER_APPICON_NAME = AppIcon;
				COMBINE_HIDPI_IMAGES = YES;
				INFOPLIST_FILE = ConnectEditor/Info.plist;
				LD_RUNPATH_SEARCH_PATHS = "$(inherited) @executable_path/../Frameworks";
				PRODUCT_NAME = "$(TARGET_NAME)";
			};
			name = Debug;
		};
		EAB81C351970C7D600E75D07 /* Release */ = {
			isa = XCBuildConfiguration;
			buildSettings = {
				ASSETCATALOG_COMPILER_APPICON_NAME = AppIcon;
				COMBINE_HIDPI_IMAGES = YES;
				INFOPLIST_FILE = ConnectEditor/Info.plist;
				LD_RUNPATH_SEARCH_PATHS = "$(inherited) @executable_path/../Frameworks";
				PRODUCT_NAME = "$(TARGET_NAME)";
			};
			name = Release;
		};
		EAB81C371970C7D600E75D07 /* Debug */ = {
			isa = XCBuildConfiguration;
			buildSettings = {
				BUNDLE_LOADER = "$(BUILT_PRODUCTS_DIR)/ConnectEditor.app/Contents/MacOS/ConnectEditor";
				COMBINE_HIDPI_IMAGES = YES;
				FRAMEWORK_SEARCH_PATHS = (
					"$(DEVELOPER_FRAMEWORKS_DIR)",
					"$(inherited)",
				);
				GCC_PREPROCESSOR_DEFINITIONS = (
					"DEBUG=1",
					"$(inherited)",
				);
				INFOPLIST_FILE = ConnectEditorTests/Info.plist;
				LD_RUNPATH_SEARCH_PATHS = "$(inherited) @executable_path/../Frameworks @loader_path/../Frameworks";
				PRODUCT_NAME = "$(TARGET_NAME)";
				TEST_HOST = "$(BUNDLE_LOADER)";
			};
			name = Debug;
		};
		EAB81C381970C7D600E75D07 /* Release */ = {
			isa = XCBuildConfiguration;
			buildSettings = {
				BUNDLE_LOADER = "$(BUILT_PRODUCTS_DIR)/ConnectEditor.app/Contents/MacOS/ConnectEditor";
				COMBINE_HIDPI_IMAGES = YES;
				FRAMEWORK_SEARCH_PATHS = (
					"$(DEVELOPER_FRAMEWORKS_DIR)",
					"$(inherited)",
				);
				INFOPLIST_FILE = ConnectEditorTests/Info.plist;
				LD_RUNPATH_SEARCH_PATHS = "$(inherited) @executable_path/../Frameworks @loader_path/../Frameworks";
				PRODUCT_NAME = "$(TARGET_NAME)";
				TEST_HOST = "$(BUNDLE_LOADER)";
			};
			name = Release;
		};
/* End XCBuildConfiguration section */

/* Begin XCConfigurationList section */
		EAB81C111970C7D500E75D07 /* Build configuration list for PBXProject "ConnectEditor" */ = {
			isa = XCConfigurationList;
			buildConfigurations = (
				EAB81C311970C7D600E75D07 /* Debug */,
				EAB81C321970C7D600E75D07 /* Release */,
			);
			defaultConfigurationIsVisible = 0;
			defaultConfigurationName = Release;
		};
		EAB81C331970C7D600E75D07 /* Build configuration list for PBXNativeTarget "ConnectEditor" */ = {
			isa = XCConfigurationList;
			buildConfigurations = (
				EAB81C341970C7D600E75D07 /* Debug */,
				EAB81C351970C7D600E75D07 /* Release */,
			);
			defaultConfigurationIsVisible = 0;
			defaultConfigurationName = Release;
		};
		EAB81C361970C7D600E75D07 /* Build configuration list for PBXNativeTarget "ConnectEditorTests" */ = {
			isa = XCConfigurationList;
			buildConfigurations = (
				EAB81C371970C7D600E75D07 /* Debug */,
				EAB81C381970C7D600E75D07 /* Release */,
			);
			defaultConfigurationIsVisible = 0;
			defaultConfigurationName = Release;
		};
/* End XCConfigurationList section */

/* Begin XCVersionGroup section */
		366986303F3D8F28BD4FC489 /* MGConnectTestModel.xcdatamodeld */ = {
			isa = XCVersionGroup;
			children = (
				366987A54AD160D8FA1428C1 /* MGConnectTestModel.xcdatamodel */,
			);
			currentVersion = 366987A54AD160D8FA1428C1 /* MGConnectTestModel.xcdatamodel */;
			path = MGConnectTestModel.xcdatamodeld;
			sourceTree = "<group>";
			versionGroupType = wrapper.xcdatamodel;
		};
/* End XCVersionGroup section */
	};
	rootObject = EAB81C0E1970C7D500E75D07 /* Project object */;
}
