// !$*UTF8*$!
{
	archiveVersion = 1;
	classes = {
	};
	objectVersion = 46;
	objects = {

/* Begin PBXBuildFile section */
		607FACD61AFB9204008FA782 /* AppDelegate.swift in Sources */ = {isa = PBXBuildFile; fileRef = 607FACD51AFB9204008FA782 /* AppDelegate.swift */; };
		607FACD81AFB9204008FA782 /* ViewController.swift in Sources */ = {isa = PBXBuildFile; fileRef = 607FACD71AFB9204008FA782 /* ViewController.swift */; };
		607FACDB1AFB9204008FA782 /* Main.storyboard in Resources */ = {isa = PBXBuildFile; fileRef = 607FACD91AFB9204008FA782 /* Main.storyboard */; };
		607FACDD1AFB9204008FA782 /* Images.xcassets in Resources */ = {isa = PBXBuildFile; fileRef = 607FACDC1AFB9204008FA782 /* Images.xcassets */; };
		607FACE01AFB9204008FA782 /* LaunchScreen.xib in Resources */ = {isa = PBXBuildFile; fileRef = 607FACDE1AFB9204008FA782 /* LaunchScreen.xib */; };
		D9D47A21983A126E6E11D1BF /* Pods_Connect_Example.framework in Frameworks */ = {isa = PBXBuildFile; fileRef = 632E0C5F6C83F575E2A7F0C6 /* Pods_Connect_Example.framework */; };
		E7CAA70601D27850F27550EF /* Pods_Connect_Tests.framework in Frameworks */ = {isa = PBXBuildFile; fileRef = AE932A25E11A51DE46E63D1F /* Pods_Connect_Tests.framework */; };
		EA5737DE1D887C97005C9D54 /* OpenAPIReaderTests.swift in Sources */ = {isa = PBXBuildFile; fileRef = EA5737DD1D887C97005C9D54 /* OpenAPIReaderTests.swift */; };
		EA81C9491D78CF08002586A5 /* WADLReaderTests.swift in Sources */ = {isa = PBXBuildFile; fileRef = EA81C9461D78CE6D002586A5 /* WADLReaderTests.swift */; };
		EA98CBD11D78D93500DDFF51 /* XMLReaderTests.swift in Sources */ = {isa = PBXBuildFile; fileRef = EA98CBD01D78D93500DDFF51 /* XMLReaderTests.swift */; };
		EAE0FB691D83484F008CB3EB /* HR.xcdatamodeld in Sources */ = {isa = PBXBuildFile; fileRef = EAE0FB671D83484F008CB3EB /* HR.xcdatamodeld */; };
		EAE170501D70C2C3002FADE5 /* hr-legacy.wadl in Resources */ = {isa = PBXBuildFile; fileRef = EAE16FDC1D70C2C3002FADE5 /* hr-legacy.wadl */; };
		EAE170511D70C2C3002FADE5 /* hr-legacy.wadl in Resources */ = {isa = PBXBuildFile; fileRef = EAE16FDC1D70C2C3002FADE5 /* hr-legacy.wadl */; };
		EAE170521D70C2C3002FADE5 /* hr-rest.wadl in Resources */ = {isa = PBXBuildFile; fileRef = EAE16FDD1D70C2C3002FADE5 /* hr-rest.wadl */; };
		EAE170531D70C2C3002FADE5 /* hr-rest.wadl in Resources */ = {isa = PBXBuildFile; fileRef = EAE16FDD1D70C2C3002FADE5 /* hr-rest.wadl */; };
		EAF40BB71D82445F00A81ED5 /* hr-rest.json in Resources */ = {isa = PBXBuildFile; fileRef = EAF40BB61D82445F00A81ED5 /* hr-rest.json */; };
		EAF40BB81D82445F00A81ED5 /* hr-rest.json in Resources */ = {isa = PBXBuildFile; fileRef = EAF40BB61D82445F00A81ED5 /* hr-rest.json */; };
/* End PBXBuildFile section */

/* Begin PBXContainerItemProxy section */
		607FACE61AFB9204008FA782 /* PBXContainerItemProxy */ = {
			isa = PBXContainerItemProxy;
			containerPortal = 607FACC81AFB9204008FA782 /* Project object */;
			proxyType = 1;
			remoteGlobalIDString = 607FACCF1AFB9204008FA782;
			remoteInfo = Connect;
		};
/* End PBXContainerItemProxy section */

/* Begin PBXFileReference section */
		024E615EF1936886127D123D /* LICENSE */ = {isa = PBXFileReference; includeInIndex = 1; lastKnownFileType = text; name = LICENSE; path = ../LICENSE; sourceTree = "<group>"; };
		0EC2281BD27AC11CA0A1158C /* Pods-Connect_Tests.release.xcconfig */ = {isa = PBXFileReference; includeInIndex = 1; lastKnownFileType = text.xcconfig; name = "Pods-Connect_Tests.release.xcconfig"; path = "Pods/Target Support Files/Pods-Connect_Tests/Pods-Connect_Tests.release.xcconfig"; sourceTree = "<group>"; };
		2409743DC192C971E2FCDCAD /* README.md */ = {isa = PBXFileReference; includeInIndex = 1; lastKnownFileType = net.daringfireball.markdown; name = README.md; path = ../README.md; sourceTree = "<group>"; };
		312EDB5EDE92DECFB5877409 /* Connect.podspec */ = {isa = PBXFileReference; includeInIndex = 1; lastKnownFileType = text; name = Connect.podspec; path = ../Connect.podspec; sourceTree = "<group>"; };
		607FACD01AFB9204008FA782 /* Connect Example.app */ = {isa = PBXFileReference; explicitFileType = wrapper.application; includeInIndex = 0; path = "Connect Example.app"; sourceTree = BUILT_PRODUCTS_DIR; };
		607FACD41AFB9204008FA782 /* Info.plist */ = {isa = PBXFileReference; lastKnownFileType = text.plist.xml; path = Info.plist; sourceTree = "<group>"; };
		607FACD51AFB9204008FA782 /* AppDelegate.swift */ = {isa = PBXFileReference; lastKnownFileType = sourcecode.swift; path = AppDelegate.swift; sourceTree = "<group>"; };
		607FACD71AFB9204008FA782 /* ViewController.swift */ = {isa = PBXFileReference; lastKnownFileType = sourcecode.swift; path = ViewController.swift; sourceTree = "<group>"; };
		607FACDA1AFB9204008FA782 /* Base */ = {isa = PBXFileReference; lastKnownFileType = file.storyboard; name = Base; path = Base.lproj/Main.storyboard; sourceTree = "<group>"; };
		607FACDC1AFB9204008FA782 /* Images.xcassets */ = {isa = PBXFileReference; lastKnownFileType = folder.assetcatalog; path = Images.xcassets; sourceTree = "<group>"; };
		607FACDF1AFB9204008FA782 /* Base */ = {isa = PBXFileReference; lastKnownFileType = file.xib; name = Base; path = Base.lproj/LaunchScreen.xib; sourceTree = "<group>"; };
		607FACE51AFB9204008FA782 /* Connect Tests.xctest */ = {isa = PBXFileReference; explicitFileType = wrapper.cfbundle; includeInIndex = 0; path = "Connect Tests.xctest"; sourceTree = BUILT_PRODUCTS_DIR; };
		632E0C5F6C83F575E2A7F0C6 /* Pods_Connect_Example.framework */ = {isa = PBXFileReference; explicitFileType = wrapper.framework; includeInIndex = 0; path = Pods_Connect_Example.framework; sourceTree = BUILT_PRODUCTS_DIR; };
		64C08736289599DA4E18405B /* Pods-Connect_Tests.debug.xcconfig */ = {isa = PBXFileReference; includeInIndex = 1; lastKnownFileType = text.xcconfig; name = "Pods-Connect_Tests.debug.xcconfig"; path = "Pods/Target Support Files/Pods-Connect_Tests/Pods-Connect_Tests.debug.xcconfig"; sourceTree = "<group>"; };
		70DE41666A7211DF3CB87F16 /* Pods-Connect Example.debug.xcconfig */ = {isa = PBXFileReference; includeInIndex = 1; lastKnownFileType = text.xcconfig; name = "Pods-Connect Example.debug.xcconfig"; path = "Pods/Target Support Files/Pods-Connect Example/Pods-Connect Example.debug.xcconfig"; sourceTree = "<group>"; };
		979B1D7C8A44A324594FCB3B /* Pods-Connect Tests.release.xcconfig */ = {isa = PBXFileReference; includeInIndex = 1; lastKnownFileType = text.xcconfig; name = "Pods-Connect Tests.release.xcconfig"; path = "Pods/Target Support Files/Pods-Connect Tests/Pods-Connect Tests.release.xcconfig"; sourceTree = "<group>"; };
		AE932A25E11A51DE46E63D1F /* Pods_Connect_Tests.framework */ = {isa = PBXFileReference; explicitFileType = wrapper.framework; includeInIndex = 0; path = Pods_Connect_Tests.framework; sourceTree = BUILT_PRODUCTS_DIR; };
		B17F82C44785F574AA74D6C4 /* Pods-Connect_Example.release.xcconfig */ = {isa = PBXFileReference; includeInIndex = 1; lastKnownFileType = text.xcconfig; name = "Pods-Connect_Example.release.xcconfig"; path = "Pods/Target Support Files/Pods-Connect_Example/Pods-Connect_Example.release.xcconfig"; sourceTree = "<group>"; };
		EA4CFECD1DCCFF8D0050634D /* circle.yml */ = {isa = PBXFileReference; lastKnownFileType = text; name = circle.yml; path = ../circle.yml; sourceTree = "<group>"; };
		EA5737DD1D887C97005C9D54 /* OpenAPIReaderTests.swift */ = {isa = PBXFileReference; fileEncoding = 4; lastKnownFileType = sourcecode.swift; path = OpenAPIReaderTests.swift; sourceTree = "<group>"; };
		EA6077F21D7F282000C76301 /* Connect.playground */ = {isa = PBXFileReference; lastKnownFileType = file.playground; path = Connect.playground; sourceTree = "<group>"; };
		EA634EFC1DCD72A800AC93E7 /* .gitignore */ = {isa = PBXFileReference; lastKnownFileType = text; name = .gitignore; path = ../.gitignore; sourceTree = "<group>"; };
		EA81C9461D78CE6D002586A5 /* WADLReaderTests.swift */ = {isa = PBXFileReference; fileEncoding = 4; lastKnownFileType = sourcecode.swift; path = WADLReaderTests.swift; sourceTree = "<group>"; };
		EA84931B1DB05E7E001F91A9 /* Gemfile */ = {isa = PBXFileReference; explicitFileType = text.script.ruby; name = Gemfile; path = ../Gemfile; sourceTree = "<group>"; xcLanguageSpecificationIdentifier = xcode.lang.ruby; };
		EA98CBD01D78D93500DDFF51 /* XMLReaderTests.swift */ = {isa = PBXFileReference; fileEncoding = 4; lastKnownFileType = sourcecode.swift; path = XMLReaderTests.swift; sourceTree = "<group>"; };
		EAE0FB681D83484F008CB3EB /* HR.xcdatamodel */ = {isa = PBXFileReference; lastKnownFileType = wrapper.xcdatamodel; path = HR.xcdatamodel; sourceTree = "<group>"; };
		EAE16FDC1D70C2C3002FADE5 /* hr-legacy.wadl */ = {isa = PBXFileReference; fileEncoding = 4; lastKnownFileType = text.xml; path = "hr-legacy.wadl"; sourceTree = "<group>"; };
		EAE16FDD1D70C2C3002FADE5 /* hr-rest.wadl */ = {isa = PBXFileReference; fileEncoding = 4; lastKnownFileType = text.xml; path = "hr-rest.wadl"; sourceTree = "<group>"; };
		EAE170621D70C32D002FADE5 /* Info.plist */ = {isa = PBXFileReference; lastKnownFileType = text.plist.xml; name = Info.plist; path = ../../Tests/Info.plist; sourceTree = "<group>"; };
		EAF40BB61D82445F00A81ED5 /* hr-rest.json */ = {isa = PBXFileReference; fileEncoding = 4; lastKnownFileType = text.json; name = "hr-rest.json"; path = "OpenAPI/hr-rest.json"; sourceTree = "<group>"; };
		F6AB45E09C260EB52A230358 /* Pods-Connect_Example.debug.xcconfig */ = {isa = PBXFileReference; includeInIndex = 1; lastKnownFileType = text.xcconfig; name = "Pods-Connect_Example.debug.xcconfig"; path = "Pods/Target Support Files/Pods-Connect_Example/Pods-Connect_Example.debug.xcconfig"; sourceTree = "<group>"; };
		FE412EC5FB46C425589B890F /* Pods-Connect Tests.debug.xcconfig */ = {isa = PBXFileReference; includeInIndex = 1; lastKnownFileType = text.xcconfig; name = "Pods-Connect Tests.debug.xcconfig"; path = "Pods/Target Support Files/Pods-Connect Tests/Pods-Connect Tests.debug.xcconfig"; sourceTree = "<group>"; };
		FF965377B8F4A58FFF2F90DC /* Pods-Connect Example.release.xcconfig */ = {isa = PBXFileReference; includeInIndex = 1; lastKnownFileType = text.xcconfig; name = "Pods-Connect Example.release.xcconfig"; path = "Pods/Target Support Files/Pods-Connect Example/Pods-Connect Example.release.xcconfig"; sourceTree = "<group>"; };
/* End PBXFileReference section */

/* Begin PBXFrameworksBuildPhase section */
		607FACCD1AFB9204008FA782 /* Frameworks */ = {
			isa = PBXFrameworksBuildPhase;
			buildActionMask = 2147483647;
			files = (
				D9D47A21983A126E6E11D1BF /* Pods_Connect_Example.framework in Frameworks */,
			);
			runOnlyForDeploymentPostprocessing = 0;
		};
		607FACE21AFB9204008FA782 /* Frameworks */ = {
			isa = PBXFrameworksBuildPhase;
			buildActionMask = 2147483647;
			files = (
				E7CAA70601D27850F27550EF /* Pods_Connect_Tests.framework in Frameworks */,
			);
			runOnlyForDeploymentPostprocessing = 0;
		};
/* End PBXFrameworksBuildPhase section */

/* Begin PBXGroup section */
		3751533D6F6D21031C9A25FA /* Frameworks */ = {
			isa = PBXGroup;
			children = (
				632E0C5F6C83F575E2A7F0C6 /* Pods_Connect_Example.framework */,
				AE932A25E11A51DE46E63D1F /* Pods_Connect_Tests.framework */,
			);
			name = Frameworks;
			sourceTree = "<group>";
		};
		607FACC71AFB9204008FA782 = {
			isa = PBXGroup;
			children = (
				607FACF51AFB993E008FA782 /* Metadata */,
				607FACD21AFB9204008FA782 /* Example for Connect */,
				607FACE81AFB9204008FA782 /* Tests */,
				EAE16FA01D70C2C3002FADE5 /* Fixtures */,
				EA6077F11D7F27D000C76301 /* Playgrounds */,
				607FACD11AFB9204008FA782 /* Products */,
				7CA6D36D82EA379DE7C39BAF /* Pods */,
				3751533D6F6D21031C9A25FA /* Frameworks */,
			);
			sourceTree = "<group>";
		};
		607FACD11AFB9204008FA782 /* Products */ = {
			isa = PBXGroup;
			children = (
				607FACD01AFB9204008FA782 /* Connect Example.app */,
				607FACE51AFB9204008FA782 /* Connect Tests.xctest */,
			);
			name = Products;
			sourceTree = "<group>";
		};
		607FACD21AFB9204008FA782 /* Example for Connect */ = {
			isa = PBXGroup;
			children = (
				607FACD51AFB9204008FA782 /* AppDelegate.swift */,
				607FACD71AFB9204008FA782 /* ViewController.swift */,
				607FACD91AFB9204008FA782 /* Main.storyboard */,
				607FACDC1AFB9204008FA782 /* Images.xcassets */,
				607FACDE1AFB9204008FA782 /* LaunchScreen.xib */,
				607FACD31AFB9204008FA782 /* Supporting Files */,
			);
			name = "Example for Connect";
			path = Connect;
			sourceTree = "<group>";
		};
		607FACD31AFB9204008FA782 /* Supporting Files */ = {
			isa = PBXGroup;
			children = (
				607FACD41AFB9204008FA782 /* Info.plist */,
			);
			name = "Supporting Files";
			sourceTree = "<group>";
		};
		607FACE81AFB9204008FA782 /* Tests */ = {
			isa = PBXGroup;
			children = (
				EA81C93D1D78CE4B002586A5 /* Configuration */,
				EA81C93E1D78CE4B002586A5 /* Connect */,
				607FACE91AFB9204008FA782 /* Supporting Files */,
			);
			path = Tests;
			sourceTree = "<group>";
		};
		607FACE91AFB9204008FA782 /* Supporting Files */ = {
			isa = PBXGroup;
			children = (
				EAE170621D70C32D002FADE5 /* Info.plist */,
			);
			name = "Supporting Files";
			sourceTree = "<group>";
		};
		607FACF51AFB993E008FA782 /* Metadata */ = {
			isa = PBXGroup;
			children = (
				312EDB5EDE92DECFB5877409 /* Connect.podspec */,
				2409743DC192C971E2FCDCAD /* README.md */,
				024E615EF1936886127D123D /* LICENSE */,
				EA84931B1DB05E7E001F91A9 /* Gemfile */,
				EA4CFECD1DCCFF8D0050634D /* circle.yml */,
				EA634EFC1DCD72A800AC93E7 /* .gitignore */,
			);
			name = Metadata;
			sourceTree = "<group>";
		};
		7CA6D36D82EA379DE7C39BAF /* Pods */ = {
			isa = PBXGroup;
			children = (
				F6AB45E09C260EB52A230358 /* Pods-Connect_Example.debug.xcconfig */,
				B17F82C44785F574AA74D6C4 /* Pods-Connect_Example.release.xcconfig */,
				64C08736289599DA4E18405B /* Pods-Connect_Tests.debug.xcconfig */,
				0EC2281BD27AC11CA0A1158C /* Pods-Connect_Tests.release.xcconfig */,
				70DE41666A7211DF3CB87F16 /* Pods-Connect Example.debug.xcconfig */,
				FF965377B8F4A58FFF2F90DC /* Pods-Connect Example.release.xcconfig */,
				FE412EC5FB46C425589B890F /* Pods-Connect Tests.debug.xcconfig */,
				979B1D7C8A44A324594FCB3B /* Pods-Connect Tests.release.xcconfig */,
			);
			name = Pods;
			sourceTree = "<group>";
		};
		EA6077F11D7F27D000C76301 /* Playgrounds */ = {
			isa = PBXGroup;
			children = (
				EA6077F21D7F282000C76301 /* Connect.playground */,
			);
			name = Playgrounds;
			sourceTree = "<group>";
		};
		EA81C93D1D78CE4B002586A5 /* Configuration */ = {
			isa = PBXGroup;
			children = (
				EA81C9441D78CE6D002586A5 /* Internal */,
			);
			name = Configuration;
			path = ../../Tests/Configuration;
			sourceTree = "<group>";
		};
		EA81C93E1D78CE4B002586A5 /* Connect */ = {
			isa = PBXGroup;
			children = (
			);
			name = Connect;
			path = ../../Tests/Connect;
			sourceTree = "<group>";
		};
		EA81C9441D78CE6D002586A5 /* Internal */ = {
			isa = PBXGroup;
			children = (
				EA98CBD01D78D93500DDFF51 /* XMLReaderTests.swift */,
				EA81C9461D78CE6D002586A5 /* WADLReaderTests.swift */,
				EA5737DD1D887C97005C9D54 /* OpenAPIReaderTests.swift */,
			);
			path = Internal;
			sourceTree = "<group>";
		};
		EAE0FB661D83484F008CB3EB /* HR */ = {
			isa = PBXGroup;
			children = (
				EAE0FB671D83484F008CB3EB /* HR.xcdatamodeld */,
			);
			path = HR;
			sourceTree = "<group>";
		};
		EAE16FA01D70C2C3002FADE5 /* Fixtures */ = {
			isa = PBXGroup;
			children = (
				EAE16FA11D70C2C3002FADE5 /* Models */,
				EAE16FDA1D70C2C3002FADE5 /* Schemas */,
			);
			name = Fixtures;
			path = ../Fixtures;
			sourceTree = "<group>";
		};
		EAE16FA11D70C2C3002FADE5 /* Models */ = {
			isa = PBXGroup;
			children = (
				EAE0FB661D83484F008CB3EB /* HR */,
			);
			path = Models;
			sourceTree = "<group>";
		};
		EAE16FDA1D70C2C3002FADE5 /* Schemas */ = {
			isa = PBXGroup;
			children = (
				EAF40BB51D82441F00A81ED5 /* OpenAPI */,
				EAE16FDB1D70C2C3002FADE5 /* WADL */,
			);
			path = Schemas;
			sourceTree = "<group>";
		};
		EAE16FDB1D70C2C3002FADE5 /* WADL */ = {
			isa = PBXGroup;
			children = (
				EAE16FDC1D70C2C3002FADE5 /* hr-legacy.wadl */,
				EAE16FDD1D70C2C3002FADE5 /* hr-rest.wadl */,
			);
			path = WADL;
			sourceTree = "<group>";
		};
		EAF40BB51D82441F00A81ED5 /* OpenAPI */ = {
			isa = PBXGroup;
			children = (
				EAF40BB61D82445F00A81ED5 /* hr-rest.json */,
			);
			name = OpenAPI;
			sourceTree = "<group>";
		};
/* End PBXGroup section */

/* Begin PBXNativeTarget section */
		607FACCF1AFB9204008FA782 /* Connect Example */ = {
			isa = PBXNativeTarget;
			buildConfigurationList = 607FACEF1AFB9204008FA782 /* Build configuration list for PBXNativeTarget "Connect Example" */;
			buildPhases = (
				4E6EF6CF1CF5D87FDE14FA20 /* [CP] Check Pods Manifest.lock */,
				607FACCC1AFB9204008FA782 /* Sources */,
				607FACCD1AFB9204008FA782 /* Frameworks */,
				607FACCE1AFB9204008FA782 /* Resources */,
				99744E62F664B0196B7F17FE /* [CP] Embed Pods Frameworks */,
				FE41A1D29C326654FC5B0112 /* [CP] Copy Pods Resources */,
			);
			buildRules = (
			);
			dependencies = (
			);
			name = "Connect Example";
			productName = Connect;
			productReference = 607FACD01AFB9204008FA782 /* Connect Example.app */;
			productType = "com.apple.product-type.application";
		};
		607FACE41AFB9204008FA782 /* Connect Tests */ = {
			isa = PBXNativeTarget;
			buildConfigurationList = 607FACF21AFB9204008FA782 /* Build configuration list for PBXNativeTarget "Connect Tests" */;
			buildPhases = (
				C09830E251B12D3F2757E2D2 /* [CP] Check Pods Manifest.lock */,
				607FACE11AFB9204008FA782 /* Sources */,
				607FACE21AFB9204008FA782 /* Frameworks */,
				607FACE31AFB9204008FA782 /* Resources */,
				4B2655EF48A4B9D284359388 /* [CP] Embed Pods Frameworks */,
				082902355354B9A5EC32E1B2 /* [CP] Copy Pods Resources */,
			);
			buildRules = (
			);
			dependencies = (
				607FACE71AFB9204008FA782 /* PBXTargetDependency */,
			);
			name = "Connect Tests";
			productName = Tests;
			productReference = 607FACE51AFB9204008FA782 /* Connect Tests.xctest */;
			productType = "com.apple.product-type.bundle.unit-test";
		};
/* End PBXNativeTarget section */

/* Begin PBXProject section */
		607FACC81AFB9204008FA782 /* Project object */ = {
			isa = PBXProject;
			attributes = {
				LastSwiftUpdateCheck = 0720;
				LastUpgradeCheck = 0800;
				ORGANIZATIONNAME = CocoaPods;
				TargetAttributes = {
					607FACCF1AFB9204008FA782 = {
						CreatedOnToolsVersion = 6.3.1;
						LastSwiftMigration = 0800;
					};
					607FACE41AFB9204008FA782 = {
						CreatedOnToolsVersion = 6.3.1;
						LastSwiftMigration = 0800;
						TestTargetID = 607FACCF1AFB9204008FA782;
					};
				};
			};
			buildConfigurationList = 607FACCB1AFB9204008FA782 /* Build configuration list for PBXProject "Connect" */;
			compatibilityVersion = "Xcode 3.2";
			developmentRegion = English;
			hasScannedForEncodings = 0;
			knownRegions = (
				en,
				Base,
			);
			mainGroup = 607FACC71AFB9204008FA782;
			productRefGroup = 607FACD11AFB9204008FA782 /* Products */;
			projectDirPath = "";
			projectRoot = "";
			targets = (
				607FACCF1AFB9204008FA782 /* Connect Example */,
				607FACE41AFB9204008FA782 /* Connect Tests */,
			);
		};
/* End PBXProject section */

/* Begin PBXResourcesBuildPhase section */
		607FACCE1AFB9204008FA782 /* Resources */ = {
			isa = PBXResourcesBuildPhase;
			buildActionMask = 2147483647;
			files = (
				EAE170501D70C2C3002FADE5 /* hr-legacy.wadl in Resources */,
				EAF40BB71D82445F00A81ED5 /* hr-rest.json in Resources */,
				607FACDB1AFB9204008FA782 /* Main.storyboard in Resources */,
				EAE170521D70C2C3002FADE5 /* hr-rest.wadl in Resources */,
				607FACE01AFB9204008FA782 /* LaunchScreen.xib in Resources */,
				607FACDD1AFB9204008FA782 /* Images.xcassets in Resources */,
			);
			runOnlyForDeploymentPostprocessing = 0;
		};
		607FACE31AFB9204008FA782 /* Resources */ = {
			isa = PBXResourcesBuildPhase;
			buildActionMask = 2147483647;
			files = (
				EAF40BB81D82445F00A81ED5 /* hr-rest.json in Resources */,
				EAE170511D70C2C3002FADE5 /* hr-legacy.wadl in Resources */,
				EAE170531D70C2C3002FADE5 /* hr-rest.wadl in Resources */,
			);
			runOnlyForDeploymentPostprocessing = 0;
		};
/* End PBXResourcesBuildPhase section */

/* Begin PBXShellScriptBuildPhase section */
		082902355354B9A5EC32E1B2 /* [CP] Copy Pods Resources */ = {
			isa = PBXShellScriptBuildPhase;
			buildActionMask = 2147483647;
			files = (
			);
			inputPaths = (
			);
			name = "[CP] Copy Pods Resources";
			outputPaths = (
			);
			runOnlyForDeploymentPostprocessing = 0;
			shellPath = /bin/sh;
			shellScript = "\"${SRCROOT}/Pods/Target Support Files/Pods-Connect Tests/Pods-Connect Tests-resources.sh\"\n";
			showEnvVarsInLog = 0;
		};
		4B2655EF48A4B9D284359388 /* [CP] Embed Pods Frameworks */ = {
			isa = PBXShellScriptBuildPhase;
			buildActionMask = 2147483647;
			files = (
			);
			inputPaths = (
			);
			name = "[CP] Embed Pods Frameworks";
			outputPaths = (
			);
			runOnlyForDeploymentPostprocessing = 0;
			shellPath = /bin/sh;
			shellScript = "\"${SRCROOT}/Pods/Target Support Files/Pods-Connect Tests/Pods-Connect Tests-frameworks.sh\"\n";
			showEnvVarsInLog = 0;
		};
		4E6EF6CF1CF5D87FDE14FA20 /* [CP] Check Pods Manifest.lock */ = {
			isa = PBXShellScriptBuildPhase;
			buildActionMask = 2147483647;
			files = (
			);
			inputPaths = (
			);
			name = "[CP] Check Pods Manifest.lock";
			outputPaths = (
			);
			runOnlyForDeploymentPostprocessing = 0;
			shellPath = /bin/sh;
			shellScript = "diff \"${PODS_ROOT}/../Podfile.lock\" \"${PODS_ROOT}/Manifest.lock\" > /dev/null\nif [ $? != 0 ] ; then\n    # print error to STDERR\n    echo \"error: The sandbox is not in sync with the Podfile.lock. Run 'pod install' or update your CocoaPods installation.\" >&2\n    exit 1\nfi\n";
			showEnvVarsInLog = 0;
		};
		99744E62F664B0196B7F17FE /* [CP] Embed Pods Frameworks */ = {
			isa = PBXShellScriptBuildPhase;
			buildActionMask = 2147483647;
			files = (
			);
			inputPaths = (
			);
			name = "[CP] Embed Pods Frameworks";
			outputPaths = (
			);
			runOnlyForDeploymentPostprocessing = 0;
			shellPath = /bin/sh;
			shellScript = "\"${SRCROOT}/Pods/Target Support Files/Pods-Connect Example/Pods-Connect Example-frameworks.sh\"\n";
			showEnvVarsInLog = 0;
		};
		C09830E251B12D3F2757E2D2 /* [CP] Check Pods Manifest.lock */ = {
			isa = PBXShellScriptBuildPhase;
			buildActionMask = 2147483647;
			files = (
			);
			inputPaths = (
			);
			name = "[CP] Check Pods Manifest.lock";
			outputPaths = (
			);
			runOnlyForDeploymentPostprocessing = 0;
			shellPath = /bin/sh;
			shellScript = "diff \"${PODS_ROOT}/../Podfile.lock\" \"${PODS_ROOT}/Manifest.lock\" > /dev/null\nif [ $? != 0 ] ; then\n    # print error to STDERR\n    echo \"error: The sandbox is not in sync with the Podfile.lock. Run 'pod install' or update your CocoaPods installation.\" >&2\n    exit 1\nfi\n";
			showEnvVarsInLog = 0;
		};
		FE41A1D29C326654FC5B0112 /* [CP] Copy Pods Resources */ = {
			isa = PBXShellScriptBuildPhase;
			buildActionMask = 2147483647;
			files = (
			);
			inputPaths = (
			);
			name = "[CP] Copy Pods Resources";
			outputPaths = (
			);
			runOnlyForDeploymentPostprocessing = 0;
			shellPath = /bin/sh;
			shellScript = "\"${SRCROOT}/Pods/Target Support Files/Pods-Connect Example/Pods-Connect Example-resources.sh\"\n";
			showEnvVarsInLog = 0;
		};
/* End PBXShellScriptBuildPhase section */

/* Begin PBXSourcesBuildPhase section */
		607FACCC1AFB9204008FA782 /* Sources */ = {
			isa = PBXSourcesBuildPhase;
			buildActionMask = 2147483647;
			files = (
				607FACD81AFB9204008FA782 /* ViewController.swift in Sources */,
				EAE0FB691D83484F008CB3EB /* HR.xcdatamodeld in Sources */,
				607FACD61AFB9204008FA782 /* AppDelegate.swift in Sources */,
			);
			runOnlyForDeploymentPostprocessing = 0;
		};
		607FACE11AFB9204008FA782 /* Sources */ = {
			isa = PBXSourcesBuildPhase;
			buildActionMask = 2147483647;
			files = (
				EA5737DE1D887C97005C9D54 /* OpenAPIReaderTests.swift in Sources */,
				EA81C9491D78CF08002586A5 /* WADLReaderTests.swift in Sources */,
				EA98CBD11D78D93500DDFF51 /* XMLReaderTests.swift in Sources */,
			);
			runOnlyForDeploymentPostprocessing = 0;
		};
/* End PBXSourcesBuildPhase section */

/* Begin PBXTargetDependency section */
		607FACE71AFB9204008FA782 /* PBXTargetDependency */ = {
			isa = PBXTargetDependency;
			target = 607FACCF1AFB9204008FA782 /* Connect Example */;
			targetProxy = 607FACE61AFB9204008FA782 /* PBXContainerItemProxy */;
		};
/* End PBXTargetDependency section */

/* Begin PBXVariantGroup section */
		607FACD91AFB9204008FA782 /* Main.storyboard */ = {
			isa = PBXVariantGroup;
			children = (
				607FACDA1AFB9204008FA782 /* Base */,
			);
			name = Main.storyboard;
			sourceTree = "<group>";
		};
		607FACDE1AFB9204008FA782 /* LaunchScreen.xib */ = {
			isa = PBXVariantGroup;
			children = (
				607FACDF1AFB9204008FA782 /* Base */,
			);
			name = LaunchScreen.xib;
			sourceTree = "<group>";
		};
/* End PBXVariantGroup section */

/* Begin XCBuildConfiguration section */
		607FACED1AFB9204008FA782 /* Debug */ = {
			isa = XCBuildConfiguration;
			buildSettings = {
				ALWAYS_SEARCH_USER_PATHS = NO;
				CLANG_CXX_LANGUAGE_STANDARD = "gnu++0x";
				CLANG_CXX_LIBRARY = "libc++";
				CLANG_ENABLE_MODULES = YES;
				CLANG_ENABLE_OBJC_ARC = YES;
				CLANG_WARN_BOOL_CONVERSION = YES;
				CLANG_WARN_CONSTANT_CONVERSION = YES;
				CLANG_WARN_DIRECT_OBJC_ISA_USAGE = YES_ERROR;
				CLANG_WARN_EMPTY_BODY = YES;
				CLANG_WARN_ENUM_CONVERSION = YES;
				CLANG_WARN_INFINITE_RECURSION = YES;
				CLANG_WARN_INT_CONVERSION = YES;
				CLANG_WARN_OBJC_ROOT_CLASS = YES_ERROR;
				CLANG_WARN_SUSPICIOUS_MOVE = YES;
				CLANG_WARN_UNREACHABLE_CODE = YES;
				CLANG_WARN__DUPLICATE_METHOD_MATCH = YES;
				"CODE_SIGN_IDENTITY[sdk=iphoneos*]" = "iPhone Developer";
				COPY_PHASE_STRIP = NO;
				DEBUG_INFORMATION_FORMAT = "dwarf-with-dsym";
				ENABLE_STRICT_OBJC_MSGSEND = YES;
				ENABLE_TESTABILITY = YES;
				GCC_C_LANGUAGE_STANDARD = gnu99;
				GCC_DYNAMIC_NO_PIC = NO;
				GCC_NO_COMMON_BLOCKS = YES;
				GCC_OPTIMIZATION_LEVEL = 0;
				GCC_PREPROCESSOR_DEFINITIONS = (
					"DEBUG=1",
					"$(inherited)",
				);
				GCC_SYMBOLS_PRIVATE_EXTERN = NO;
				GCC_WARN_64_TO_32_BIT_CONVERSION = YES;
				GCC_WARN_ABOUT_RETURN_TYPE = YES_ERROR;
				GCC_WARN_UNDECLARED_SELECTOR = YES;
				GCC_WARN_UNINITIALIZED_AUTOS = YES_AGGRESSIVE;
				GCC_WARN_UNUSED_FUNCTION = YES;
				GCC_WARN_UNUSED_VARIABLE = YES;
				IPHONEOS_DEPLOYMENT_TARGET = 10.0;
				MTL_ENABLE_DEBUG_INFO = YES;
				ONLY_ACTIVE_ARCH = YES;
				SDKROOT = iphoneos;
				SWIFT_OPTIMIZATION_LEVEL = "-Onone";
			};
			name = Debug;
		};
		607FACEE1AFB9204008FA782 /* Release */ = {
			isa = XCBuildConfiguration;
			buildSettings = {
				ALWAYS_SEARCH_USER_PATHS = NO;
				CLANG_CXX_LANGUAGE_STANDARD = "gnu++0x";
				CLANG_CXX_LIBRARY = "libc++";
				CLANG_ENABLE_MODULES = YES;
				CLANG_ENABLE_OBJC_ARC = YES;
				CLANG_WARN_BOOL_CONVERSION = YES;
				CLANG_WARN_CONSTANT_CONVERSION = YES;
				CLANG_WARN_DIRECT_OBJC_ISA_USAGE = YES_ERROR;
				CLANG_WARN_EMPTY_BODY = YES;
				CLANG_WARN_ENUM_CONVERSION = YES;
				CLANG_WARN_INFINITE_RECURSION = YES;
				CLANG_WARN_INT_CONVERSION = YES;
				CLANG_WARN_OBJC_ROOT_CLASS = YES_ERROR;
				CLANG_WARN_SUSPICIOUS_MOVE = YES;
				CLANG_WARN_UNREACHABLE_CODE = YES;
				CLANG_WARN__DUPLICATE_METHOD_MATCH = YES;
				"CODE_SIGN_IDENTITY[sdk=iphoneos*]" = "iPhone Developer";
				COPY_PHASE_STRIP = NO;
				DEBUG_INFORMATION_FORMAT = "dwarf-with-dsym";
				ENABLE_NS_ASSERTIONS = NO;
				ENABLE_STRICT_OBJC_MSGSEND = YES;
				GCC_C_LANGUAGE_STANDARD = gnu99;
				GCC_NO_COMMON_BLOCKS = YES;
				GCC_WARN_64_TO_32_BIT_CONVERSION = YES;
				GCC_WARN_ABOUT_RETURN_TYPE = YES_ERROR;
				GCC_WARN_UNDECLARED_SELECTOR = YES;
				GCC_WARN_UNINITIALIZED_AUTOS = YES_AGGRESSIVE;
				GCC_WARN_UNUSED_FUNCTION = YES;
				GCC_WARN_UNUSED_VARIABLE = YES;
				IPHONEOS_DEPLOYMENT_TARGET = 10.0;
				MTL_ENABLE_DEBUG_INFO = NO;
				SDKROOT = iphoneos;
				SWIFT_OPTIMIZATION_LEVEL = "-Owholemodule";
				VALIDATE_PRODUCT = YES;
			};
			name = Release;
		};
		607FACF01AFB9204008FA782 /* Debug */ = {
			isa = XCBuildConfiguration;
			baseConfigurationReference = 70DE41666A7211DF3CB87F16 /* Pods-Connect Example.debug.xcconfig */;
			buildSettings = {
				ALWAYS_EMBED_SWIFT_STANDARD_LIBRARIES = YES;
				ASSETCATALOG_COMPILER_APPICON_NAME = AppIcon;
				INFOPLIST_FILE = Connect/Info.plist;
				LD_RUNPATH_SEARCH_PATHS = "$(inherited) @executable_path/Frameworks";
				MODULE_NAME = ExampleApp;
				PRODUCT_BUNDLE_IDENTIFIER = "org.cocoapods.demo.$(PRODUCT_NAME:rfc1034identifier)";
				PRODUCT_NAME = "$(TARGET_NAME)";
				SWIFT_VERSION = 3.0;
			};
			name = Debug;
		};
		607FACF11AFB9204008FA782 /* Release */ = {
			isa = XCBuildConfiguration;
			baseConfigurationReference = FF965377B8F4A58FFF2F90DC /* Pods-Connect Example.release.xcconfig */;
			buildSettings = {
				ALWAYS_EMBED_SWIFT_STANDARD_LIBRARIES = YES;
				ASSETCATALOG_COMPILER_APPICON_NAME = AppIcon;
				INFOPLIST_FILE = Connect/Info.plist;
				LD_RUNPATH_SEARCH_PATHS = "$(inherited) @executable_path/Frameworks";
				MODULE_NAME = ExampleApp;
				PRODUCT_BUNDLE_IDENTIFIER = "org.cocoapods.demo.$(PRODUCT_NAME:rfc1034identifier)";
				PRODUCT_NAME = "$(TARGET_NAME)";
				SWIFT_VERSION = 3.0;
			};
			name = Release;
		};
		607FACF31AFB9204008FA782 /* Debug */ = {
			isa = XCBuildConfiguration;
			baseConfigurationReference = FE412EC5FB46C425589B890F /* Pods-Connect Tests.debug.xcconfig */;
			buildSettings = {
				GCC_PREPROCESSOR_DEFINITIONS = (
					"DEBUG=1",
					"$(inherited)",
				);
				INFOPLIST_FILE = ../Tests/Info.plist;
				LD_RUNPATH_SEARCH_PATHS = "$(inherited) @executable_path/Frameworks @loader_path/Frameworks";
				PRODUCT_BUNDLE_IDENTIFIER = "org.cocoapods.$(PRODUCT_NAME:rfc1034identifier)";
				PRODUCT_NAME = "$(TARGET_NAME)";
				SWIFT_VERSION = 3.0;
				TEST_HOST = "$(BUILT_PRODUCTS_DIR)/Connect Example.app/Connect Example";
			};
			name = Debug;
		};
		607FACF41AFB9204008FA782 /* Release */ = {
			isa = XCBuildConfiguration;
			baseConfigurationReference = 979B1D7C8A44A324594FCB3B /* Pods-Connect Tests.release.xcconfig */;
			buildSettings = {
				INFOPLIST_FILE = ../Tests/Info.plist;
				LD_RUNPATH_SEARCH_PATHS = "$(inherited) @executable_path/Frameworks @loader_path/Frameworks";
				PRODUCT_BUNDLE_IDENTIFIER = "org.cocoapods.$(PRODUCT_NAME:rfc1034identifier)";
				PRODUCT_NAME = "$(TARGET_NAME)";
				SWIFT_VERSION = 3.0;
				TEST_HOST = "$(BUILT_PRODUCTS_DIR)/Connect Example.app/Connect Example";
			};
			name = Release;
		};
/* End XCBuildConfiguration section */

/* Begin XCConfigurationList section */
		607FACCB1AFB9204008FA782 /* Build configuration list for PBXProject "Connect" */ = {
			isa = XCConfigurationList;
			buildConfigurations = (
				607FACED1AFB9204008FA782 /* Debug */,
				607FACEE1AFB9204008FA782 /* Release */,
			);
			defaultConfigurationIsVisible = 0;
			defaultConfigurationName = Release;
		};
		607FACEF1AFB9204008FA782 /* Build configuration list for PBXNativeTarget "Connect Example" */ = {
			isa = XCConfigurationList;
			buildConfigurations = (
				607FACF01AFB9204008FA782 /* Debug */,
				607FACF11AFB9204008FA782 /* Release */,
			);
			defaultConfigurationIsVisible = 0;
			defaultConfigurationName = Release;
		};
		607FACF21AFB9204008FA782 /* Build configuration list for PBXNativeTarget "Connect Tests" */ = {
			isa = XCConfigurationList;
			buildConfigurations = (
				607FACF31AFB9204008FA782 /* Debug */,
				607FACF41AFB9204008FA782 /* Release */,
			);
			defaultConfigurationIsVisible = 0;
			defaultConfigurationName = Release;
		};
/* End XCConfigurationList section */

/* Begin XCVersionGroup section */
		EAE0FB671D83484F008CB3EB /* HR.xcdatamodeld */ = {
			isa = XCVersionGroup;
			children = (
				EAE0FB681D83484F008CB3EB /* HR.xcdatamodel */,
			);
			currentVersion = EAE0FB681D83484F008CB3EB /* HR.xcdatamodel */;
			path = HR.xcdatamodeld;
			sourceTree = "<group>";
			versionGroupType = wrapper.xcdatamodel;
		};
/* End XCVersionGroup section */
	};
	rootObject = 607FACC81AFB9204008FA782 /* Project object */;
}
